// !$*UTF8*$!
{
	archiveVersion = 1;
	classes = {
	};
	objectVersion = 54;
	objects = {

/* Begin PBXBuildFile section */
		23FAC33D4963E446D830AACA /* Pods_NewsApp.framework in Frameworks */ = {isa = PBXBuildFile; fileRef = DF244BFD639AF39D4D9FA008 /* Pods_NewsApp.framework */; };
		2E254E5A2661B46D114A776C /* Pods_Model.framework in Frameworks */ = {isa = PBXBuildFile; fileRef = B9691FCF1EB18DD738B70658 /* Pods_Model.framework */; };
		7130F3F62BEB4A59005FBD9F /* Article.swift in Sources */ = {isa = PBXBuildFile; fileRef = 7130F3F52BEB4A59005FBD9F /* Article.swift */; };
		7151279B2BE50660002806A4 /* NewsListViewController.swift in Sources */ = {isa = PBXBuildFile; fileRef = 7151279A2BE50660002806A4 /* NewsListViewController.swift */; };
		7151279D2BE50671002806A4 /* News.storyboard in Resources */ = {isa = PBXBuildFile; fileRef = 7151279C2BE50671002806A4 /* News.storyboard */; };
		7151279F2BE50695002806A4 /* NewsListViewModel.swift in Sources */ = {isa = PBXBuildFile; fileRef = 7151279E2BE50695002806A4 /* NewsListViewModel.swift */; };
		715127A12BE50F17002806A4 /* NewListCelModel.swift in Sources */ = {isa = PBXBuildFile; fileRef = 715127A02BE50F17002806A4 /* NewListCelModel.swift */; };
		715127A42BE50F5B002806A4 /* NewsListCell.swift in Sources */ = {isa = PBXBuildFile; fileRef = 715127A22BE50F5B002806A4 /* NewsListCell.swift */; };
		715127A52BE50F5B002806A4 /* NewsListCell.xib in Resources */ = {isa = PBXBuildFile; fileRef = 715127A32BE50F5B002806A4 /* NewsListCell.xib */; };
		715CCDEE2BECA73F0005D5B6 /* ViewMachineBalanceCell.swift in Sources */ = {isa = PBXBuildFile; fileRef = 715CCDEC2BECA73F0005D5B6 /* ViewMachineBalanceCell.swift */; };
		715CCDEF2BECA73F0005D5B6 /* ViewMachineBalanceCell.xib in Resources */ = {isa = PBXBuildFile; fileRef = 715CCDED2BECA73F0005D5B6 /* ViewMachineBalanceCell.xib */; };
		716FC0E52BECD85200662AFD /* ViewMachineBalanceCellModel.swift in Sources */ = {isa = PBXBuildFile; fileRef = 716FC0E42BECD85200662AFD /* ViewMachineBalanceCellModel.swift */; };
		716FC0E72BECDA1500662AFD /* ViewMachineBalanceListViewModel.swift in Sources */ = {isa = PBXBuildFile; fileRef = 716FC0E62BECDA1500662AFD /* ViewMachineBalanceListViewModel.swift */; };
		716FC0EA2BECDCF700662AFD /* Machines.swift in Sources */ = {isa = PBXBuildFile; fileRef = 716FC0E92BECDCF700662AFD /* Machines.swift */; };
		716FC0EC2BECEFE900662AFD /* MachineRouter.swift in Sources */ = {isa = PBXBuildFile; fileRef = 716FC0EB2BECEFE900662AFD /* MachineRouter.swift */; };
		716FC0EE2BECF83700662AFD /* Machine+API.swift in Sources */ = {isa = PBXBuildFile; fileRef = 716FC0ED2BECF83700662AFD /* Machine+API.swift */; };
		716FC0F02BECFB5800662AFD /* SectionModel.swift in Sources */ = {isa = PBXBuildFile; fileRef = 716FC0EF2BECFB5800662AFD /* SectionModel.swift */; };
		71D540B02BEB8922003222E8 /* Wallet.storyboard in Resources */ = {isa = PBXBuildFile; fileRef = 71D540AB2BEB8922003222E8 /* Wallet.storyboard */; };
		71D540B12BEB8922003222E8 /* WalletViewController.swift in Sources */ = {isa = PBXBuildFile; fileRef = 71D540AD2BEB8922003222E8 /* WalletViewController.swift */; };
		71D540B32BEB9147003222E8 /* User.swift in Sources */ = {isa = PBXBuildFile; fileRef = 71D540B22BEB9147003222E8 /* User.swift */; };
		71D540B62BEB9343003222E8 /* UserRouter.swift in Sources */ = {isa = PBXBuildFile; fileRef = 71D540B52BEB9343003222E8 /* UserRouter.swift */; };
		71D540B92BEB992C003222E8 /* User+API.swift in Sources */ = {isa = PBXBuildFile; fileRef = 71D540B82BEB992C003222E8 /* User+API.swift */; };
		71D540BB2BEB9C5A003222E8 /* FoxAPIClient.swift in Sources */ = {isa = PBXBuildFile; fileRef = 71D540BA2BEB9C5A003222E8 /* FoxAPIClient.swift */; };
		71D540BD2BECA20E003222E8 /* ViewMachineBalanceController.swift in Sources */ = {isa = PBXBuildFile; fileRef = 71D540BC2BECA20E003222E8 /* ViewMachineBalanceController.swift */; };
		8021132229D81CFF0061E89A /* UIViewController+Biometric.swift in Sources */ = {isa = PBXBuildFile; fileRef = 8021132129D81CFF0061E89A /* UIViewController+Biometric.swift */; };
		8021132529D81D2F0061E89A /* BiometricManager.swift in Sources */ = {isa = PBXBuildFile; fileRef = 8021132429D81D2F0061E89A /* BiometricManager.swift */; };
		804714EF29D8089F00B0E30F /* String+Helper.swift in Sources */ = {isa = PBXBuildFile; fileRef = 804714EE29D8089F00B0E30F /* String+Helper.swift */; };
		804714F829D80F3000B0E30F /* OTPView.swift in Sources */ = {isa = PBXBuildFile; fileRef = 804714F629D80F3000B0E30F /* OTPView.swift */; };
		804714F929D80F3000B0E30F /* OTPTextField.swift in Sources */ = {isa = PBXBuildFile; fileRef = 804714F729D80F3000B0E30F /* OTPTextField.swift */; };
		804714FC29D80F9B00B0E30F /* FontType.swift in Sources */ = {isa = PBXBuildFile; fileRef = 804714FB29D80F9B00B0E30F /* FontType.swift */; };
		804714FE29D8106A00B0E30F /* AppFont.swift in Sources */ = {isa = PBXBuildFile; fileRef = 804714FD29D8106A00B0E30F /* AppFont.swift */; };
		8047150029D810DF00B0E30F /* FontHelper.swift in Sources */ = {isa = PBXBuildFile; fileRef = 804714FF29D810DF00B0E30F /* FontHelper.swift */; };
		8047151429D8140500B0E30F /* ReactiveSwift in Frameworks */ = {isa = PBXBuildFile; productRef = 8047151329D8140500B0E30F /* ReactiveSwift */; };
		8047151729D814E400B0E30F /* Popover in Frameworks */ = {isa = PBXBuildFile; productRef = 8047151629D814E400B0E30F /* Popover */; };
		8088675B29D8207E007C3CC8 /* ReactiveCocoa in Frameworks */ = {isa = PBXBuildFile; productRef = 8088675A29D8207E007C3CC8 /* ReactiveCocoa */; };
		8088675E29D822C6007C3CC8 /* LocalNotificationManager.swift in Sources */ = {isa = PBXBuildFile; fileRef = 8088675D29D822C6007C3CC8 /* LocalNotificationManager.swift */; };
		8088676029D822E2007C3CC8 /* LocalNotificationType.swift in Sources */ = {isa = PBXBuildFile; fileRef = 8088675F29D822E2007C3CC8 /* LocalNotificationType.swift */; };
		8088676229D82389007C3CC8 /* Date+Helper.swift in Sources */ = {isa = PBXBuildFile; fileRef = 8088676129D82389007C3CC8 /* Date+Helper.swift */; };
		809FD055244AB4E6008515AC /* APIConfig.swift in Sources */ = {isa = PBXBuildFile; fileRef = 809FD054244AB4E6008515AC /* APIConfig.swift */; };
		809FD057244AB52B008515AC /* AuthHeaders.swift in Sources */ = {isa = PBXBuildFile; fileRef = 809FD056244AB52B008515AC /* AuthHeaders.swift */; };
		809FD059244AB556008515AC /* ErrorResponse.swift in Sources */ = {isa = PBXBuildFile; fileRef = 809FD058244AB556008515AC /* ErrorResponse.swift */; };
		809FD05B244AB5BB008515AC /* NewsAppAPIClient.swift in Sources */ = {isa = PBXBuildFile; fileRef = 809FD05A244AB5BB008515AC /* NewsAppAPIClient.swift */; };
		809FD05E244AB629008515AC /* BaseRouter.swift in Sources */ = {isa = PBXBuildFile; fileRef = 809FD05D244AB629008515AC /* BaseRouter.swift */; };
		809FD061244AB6B3008515AC /* DataModel.swift in Sources */ = {isa = PBXBuildFile; fileRef = 809FD060244AB6B3008515AC /* DataModel.swift */; };
		809FD063244ACA75008515AC /* VersionCheck.swift in Sources */ = {isa = PBXBuildFile; fileRef = 809FD062244ACA75008515AC /* VersionCheck.swift */; };
		809FD065244ACC6C008515AC /* ModelRouter.swift in Sources */ = {isa = PBXBuildFile; fileRef = 809FD064244ACC6C008515AC /* ModelRouter.swift */; };
		80F266A5247CF07A002DE72E /* NewsAppTests.swift in Sources */ = {isa = PBXBuildFile; fileRef = 80F266A4247CF07A002DE72E /* NewsAppTests.swift */; };
		E33D6E0C21BFC08900A3A174 /* Logging.swift in Sources */ = {isa = PBXBuildFile; fileRef = E33D6E0B21BFC08900A3A174 /* Logging.swift */; };
		E33D6E0D21BFC08900A3A174 /* Logging.swift in Sources */ = {isa = PBXBuildFile; fileRef = E33D6E0B21BFC08900A3A174 /* Logging.swift */; };
		E33D6E3421BFC21D00A3A174 /* Assets.xcassets in Resources */ = {isa = PBXBuildFile; fileRef = E33D6E1321BFC21D00A3A174 /* Assets.xcassets */; };
		E33D6E3521BFC21D00A3A174 /* LaunchScreen.storyboard in Resources */ = {isa = PBXBuildFile; fileRef = E33D6E1421BFC21D00A3A174 /* LaunchScreen.storyboard */; };
		E33D6E3621BFC21D00A3A174 /* Main.storyboard in Resources */ = {isa = PBXBuildFile; fileRef = E33D6E1621BFC21D00A3A174 /* Main.storyboard */; };
		E33D6E3721BFC21D00A3A174 /* Constants.swift in Sources */ = {isa = PBXBuildFile; fileRef = E33D6E1A21BFC21D00A3A174 /* Constants.swift */; };
		E33D6E3821BFC21D00A3A174 /* ViewController.swift in Sources */ = {isa = PBXBuildFile; fileRef = E33D6E1B21BFC21D00A3A174 /* ViewController.swift */; };
		E33D6E3921BFC21D00A3A174 /* Storyboards.swift in Sources */ = {isa = PBXBuildFile; fileRef = E33D6E1C21BFC21D00A3A174 /* Storyboards.swift */; };
		E33D6E3A21BFC21D00A3A174 /* AppDelegate.swift in Sources */ = {isa = PBXBuildFile; fileRef = E33D6E1D21BFC21D00A3A174 /* AppDelegate.swift */; };
		E33D6E3B21BFC21D00A3A174 /* UIViewController+Helper.swift in Sources */ = {isa = PBXBuildFile; fileRef = E33D6E1F21BFC21D00A3A174 /* UIViewController+Helper.swift */; };
		E33D6E3C21BFC21D00A3A174 /* NavigationBar.swift in Sources */ = {isa = PBXBuildFile; fileRef = E33D6E2021BFC21D00A3A174 /* NavigationBar.swift */; };
		E33D6E3D21BFC21D00A3A174 /* UIReusability.swift in Sources */ = {isa = PBXBuildFile; fileRef = E33D6E2121BFC21D00A3A174 /* UIReusability.swift */; };
		E33D6E3E21BFC21D00A3A174 /* UITableViewCell+Helper.swift in Sources */ = {isa = PBXBuildFile; fileRef = E33D6E2221BFC21D00A3A174 /* UITableViewCell+Helper.swift */; };
		E33D6E3F21BFC21D00A3A174 /* UITextField+Helper.swift in Sources */ = {isa = PBXBuildFile; fileRef = E33D6E2321BFC21D00A3A174 /* UITextField+Helper.swift */; };
		E33D6E4021BFC21D00A3A174 /* UIView+Helper.swift in Sources */ = {isa = PBXBuildFile; fileRef = E33D6E2421BFC21D00A3A174 /* UIView+Helper.swift */; };
		E33D6E4121BFC21D00A3A174 /* AppUtility.swift in Sources */ = {isa = PBXBuildFile; fileRef = E33D6E2521BFC21D00A3A174 /* AppUtility.swift */; };
		E33D6E4621BFC21D00A3A174 /* Fonts.swift in Sources */ = {isa = PBXBuildFile; fileRef = E33D6E2F21BFC21D00A3A174 /* Fonts.swift */; };
		E33D6E4721BFC21D00A3A174 /* Colors.swift in Sources */ = {isa = PBXBuildFile; fileRef = E33D6E3021BFC21D00A3A174 /* Colors.swift */; };
		E33D6E4821BFC21D00A3A174 /* NavigationItem.swift in Sources */ = {isa = PBXBuildFile; fileRef = E33D6E3121BFC21D00A3A174 /* NavigationItem.swift */; };
		E33D6E4921BFC21D00A3A174 /* Configuration.swift in Sources */ = {isa = PBXBuildFile; fileRef = E33D6E3221BFC21D00A3A174 /* Configuration.swift */; };
		E33D6E5321BFC47900A3A174 /* ImageView.swift in Sources */ = {isa = PBXBuildFile; fileRef = E33D6E4D21BFC47900A3A174 /* ImageView.swift */; };
		E33D6E5521BFC47900A3A174 /* Loader.swift in Sources */ = {isa = PBXBuildFile; fileRef = E33D6E5121BFC47900A3A174 /* Loader.swift */; };
		E33D6E5A21BFC49600A3A174 /* TableViewCell.swift in Sources */ = {isa = PBXBuildFile; fileRef = E33D6E5721BFC49600A3A174 /* TableViewCell.swift */; };
		E33D6E5B21BFC49600A3A174 /* CollectionViewCell.swift in Sources */ = {isa = PBXBuildFile; fileRef = E33D6E5921BFC49600A3A174 /* CollectionViewCell.swift */; };
		E345393A21B120D80062D0A6 /* Model.framework in Frameworks */ = {isa = PBXBuildFile; fileRef = E345393321B120D80062D0A6 /* Model.framework */; };
		E345393B21B120D80062D0A6 /* Model.framework in Embed Frameworks */ = {isa = PBXBuildFile; fileRef = E345393321B120D80062D0A6 /* Model.framework */; settings = {ATTRIBUTES = (CodeSignOnCopy, RemoveHeadersOnCopy, ); }; };
		E345395521B131F40062D0A6 /* Model.h in Headers */ = {isa = PBXBuildFile; fileRef = E345395321B131F40062D0A6 /* Model.h */; settings = {ATTRIBUTES = (Public, ); }; };
/* End PBXBuildFile section */

/* Begin PBXContainerItemProxy section */
		80F266A7247CF07A002DE72E /* PBXContainerItemProxy */ = {
			isa = PBXContainerItemProxy;
			containerPortal = E345391121B1203B0062D0A6 /* Project object */;
			proxyType = 1;
			remoteGlobalIDString = E345391821B1203B0062D0A6;
			remoteInfo = NewsApp;
		};
		E345393821B120D80062D0A6 /* PBXContainerItemProxy */ = {
			isa = PBXContainerItemProxy;
			containerPortal = E345391121B1203B0062D0A6 /* Project object */;
			proxyType = 1;
			remoteGlobalIDString = E345393221B120D80062D0A6;
			remoteInfo = Model;
		};
/* End PBXContainerItemProxy section */

/* Begin PBXCopyFilesBuildPhase section */
		E345393F21B120D80062D0A6 /* Embed Frameworks */ = {
			isa = PBXCopyFilesBuildPhase;
			buildActionMask = 2147483647;
			dstPath = "";
			dstSubfolderSpec = 10;
			files = (
				E345393B21B120D80062D0A6 /* Model.framework in Embed Frameworks */,
			);
			name = "Embed Frameworks";
			runOnlyForDeploymentPostprocessing = 0;
		};
/* End PBXCopyFilesBuildPhase section */

/* Begin PBXFileReference section */
		38289BFEA7A50EA97916F002 /* Pods-Model.debug.xcconfig */ = {isa = PBXFileReference; includeInIndex = 1; lastKnownFileType = text.xcconfig; name = "Pods-Model.debug.xcconfig"; path = "Pods/Target Support Files/Pods-Model/Pods-Model.debug.xcconfig"; sourceTree = "<group>"; };
		40C6608BE3357626E64EBC76 /* Pods-Model.staging.xcconfig */ = {isa = PBXFileReference; includeInIndex = 1; lastKnownFileType = text.xcconfig; name = "Pods-Model.staging.xcconfig"; path = "Pods/Target Support Files/Pods-Model/Pods-Model.staging.xcconfig"; sourceTree = "<group>"; };
		5EB24D852DCDE1EE24D817B0 /* Pods-NewsApp.staging.xcconfig */ = {isa = PBXFileReference; includeInIndex = 1; lastKnownFileType = text.xcconfig; name = "Pods-NewsApp.staging.xcconfig"; path = "Pods/Target Support Files/Pods-NewsApp/Pods-NewsApp.staging.xcconfig"; sourceTree = "<group>"; };
		7130F3F52BEB4A59005FBD9F /* Article.swift */ = {isa = PBXFileReference; lastKnownFileType = sourcecode.swift; path = Article.swift; sourceTree = "<group>"; };
		7151279A2BE50660002806A4 /* NewsListViewController.swift */ = {isa = PBXFileReference; lastKnownFileType = sourcecode.swift; path = NewsListViewController.swift; sourceTree = "<group>"; };
		7151279C2BE50671002806A4 /* News.storyboard */ = {isa = PBXFileReference; lastKnownFileType = file.storyboard; path = News.storyboard; sourceTree = "<group>"; };
		7151279E2BE50695002806A4 /* NewsListViewModel.swift */ = {isa = PBXFileReference; lastKnownFileType = sourcecode.swift; path = NewsListViewModel.swift; sourceTree = "<group>"; };
		715127A02BE50F17002806A4 /* NewListCelModel.swift */ = {isa = PBXFileReference; lastKnownFileType = sourcecode.swift; path = NewListCelModel.swift; sourceTree = "<group>"; };
		715127A22BE50F5B002806A4 /* NewsListCell.swift */ = {isa = PBXFileReference; lastKnownFileType = sourcecode.swift; path = NewsListCell.swift; sourceTree = "<group>"; };
		715127A32BE50F5B002806A4 /* NewsListCell.xib */ = {isa = PBXFileReference; lastKnownFileType = file.xib; path = NewsListCell.xib; sourceTree = "<group>"; };
		715CCDEC2BECA73F0005D5B6 /* ViewMachineBalanceCell.swift */ = {isa = PBXFileReference; lastKnownFileType = sourcecode.swift; path = ViewMachineBalanceCell.swift; sourceTree = "<group>"; };
		715CCDED2BECA73F0005D5B6 /* ViewMachineBalanceCell.xib */ = {isa = PBXFileReference; lastKnownFileType = file.xib; path = ViewMachineBalanceCell.xib; sourceTree = "<group>"; };
		716FC0E42BECD85200662AFD /* ViewMachineBalanceCellModel.swift */ = {isa = PBXFileReference; lastKnownFileType = sourcecode.swift; path = ViewMachineBalanceCellModel.swift; sourceTree = "<group>"; };
		716FC0E62BECDA1500662AFD /* ViewMachineBalanceListViewModel.swift */ = {isa = PBXFileReference; lastKnownFileType = sourcecode.swift; path = ViewMachineBalanceListViewModel.swift; sourceTree = "<group>"; };
		716FC0E92BECDCF700662AFD /* Machines.swift */ = {isa = PBXFileReference; lastKnownFileType = sourcecode.swift; path = Machines.swift; sourceTree = "<group>"; };
		716FC0EB2BECEFE900662AFD /* MachineRouter.swift */ = {isa = PBXFileReference; lastKnownFileType = sourcecode.swift; path = MachineRouter.swift; sourceTree = "<group>"; };
		716FC0ED2BECF83700662AFD /* Machine+API.swift */ = {isa = PBXFileReference; lastKnownFileType = sourcecode.swift; path = "Machine+API.swift"; sourceTree = "<group>"; };
		716FC0EF2BECFB5800662AFD /* SectionModel.swift */ = {isa = PBXFileReference; lastKnownFileType = sourcecode.swift; path = SectionModel.swift; sourceTree = "<group>"; };
		71D540AB2BEB8922003222E8 /* Wallet.storyboard */ = {isa = PBXFileReference; fileEncoding = 4; lastKnownFileType = file.storyboard; path = Wallet.storyboard; sourceTree = "<group>"; };
		71D540AD2BEB8922003222E8 /* WalletViewController.swift */ = {isa = PBXFileReference; fileEncoding = 4; lastKnownFileType = sourcecode.swift; path = WalletViewController.swift; sourceTree = "<group>"; };
		71D540B22BEB9147003222E8 /* User.swift */ = {isa = PBXFileReference; lastKnownFileType = sourcecode.swift; path = User.swift; sourceTree = "<group>"; };
		71D540B52BEB9343003222E8 /* UserRouter.swift */ = {isa = PBXFileReference; lastKnownFileType = sourcecode.swift; path = UserRouter.swift; sourceTree = "<group>"; };
		71D540B82BEB992C003222E8 /* User+API.swift */ = {isa = PBXFileReference; lastKnownFileType = sourcecode.swift; path = "User+API.swift"; sourceTree = "<group>"; };
		71D540BA2BEB9C5A003222E8 /* FoxAPIClient.swift */ = {isa = PBXFileReference; lastKnownFileType = sourcecode.swift; path = FoxAPIClient.swift; sourceTree = "<group>"; };
		71D540BC2BECA20E003222E8 /* ViewMachineBalanceController.swift */ = {isa = PBXFileReference; lastKnownFileType = sourcecode.swift; path = ViewMachineBalanceController.swift; sourceTree = "<group>"; };
		8021132129D81CFF0061E89A /* UIViewController+Biometric.swift */ = {isa = PBXFileReference; lastKnownFileType = sourcecode.swift; path = "UIViewController+Biometric.swift"; sourceTree = "<group>"; };
		8021132429D81D2F0061E89A /* BiometricManager.swift */ = {isa = PBXFileReference; lastKnownFileType = sourcecode.swift; path = BiometricManager.swift; sourceTree = "<group>"; };
		804714EE29D8089F00B0E30F /* String+Helper.swift */ = {isa = PBXFileReference; lastKnownFileType = sourcecode.swift; path = "String+Helper.swift"; sourceTree = "<group>"; };
		804714F629D80F3000B0E30F /* OTPView.swift */ = {isa = PBXFileReference; fileEncoding = 4; lastKnownFileType = sourcecode.swift; path = OTPView.swift; sourceTree = "<group>"; };
		804714F729D80F3000B0E30F /* OTPTextField.swift */ = {isa = PBXFileReference; fileEncoding = 4; lastKnownFileType = sourcecode.swift; path = OTPTextField.swift; sourceTree = "<group>"; };
		804714FB29D80F9B00B0E30F /* FontType.swift */ = {isa = PBXFileReference; lastKnownFileType = sourcecode.swift; path = FontType.swift; sourceTree = "<group>"; };
		804714FD29D8106A00B0E30F /* AppFont.swift */ = {isa = PBXFileReference; lastKnownFileType = sourcecode.swift; path = AppFont.swift; sourceTree = "<group>"; };
		804714FF29D810DF00B0E30F /* FontHelper.swift */ = {isa = PBXFileReference; lastKnownFileType = sourcecode.swift; path = FontHelper.swift; sourceTree = "<group>"; };
		8088675D29D822C6007C3CC8 /* LocalNotificationManager.swift */ = {isa = PBXFileReference; lastKnownFileType = sourcecode.swift; path = LocalNotificationManager.swift; sourceTree = "<group>"; };
		8088675F29D822E2007C3CC8 /* LocalNotificationType.swift */ = {isa = PBXFileReference; lastKnownFileType = sourcecode.swift; path = LocalNotificationType.swift; sourceTree = "<group>"; };
		8088676129D82389007C3CC8 /* Date+Helper.swift */ = {isa = PBXFileReference; lastKnownFileType = sourcecode.swift; path = "Date+Helper.swift"; sourceTree = "<group>"; };
		809FD054244AB4E6008515AC /* APIConfig.swift */ = {isa = PBXFileReference; lastKnownFileType = sourcecode.swift; path = APIConfig.swift; sourceTree = "<group>"; };
		809FD056244AB52B008515AC /* AuthHeaders.swift */ = {isa = PBXFileReference; lastKnownFileType = sourcecode.swift; path = AuthHeaders.swift; sourceTree = "<group>"; };
		809FD058244AB556008515AC /* ErrorResponse.swift */ = {isa = PBXFileReference; lastKnownFileType = sourcecode.swift; path = ErrorResponse.swift; sourceTree = "<group>"; };
		809FD05A244AB5BB008515AC /* NewsAppAPIClient.swift */ = {isa = PBXFileReference; lastKnownFileType = sourcecode.swift; path = NewsAppAPIClient.swift; sourceTree = "<group>"; };
		809FD05D244AB629008515AC /* BaseRouter.swift */ = {isa = PBXFileReference; lastKnownFileType = sourcecode.swift; path = BaseRouter.swift; sourceTree = "<group>"; };
		809FD060244AB6B3008515AC /* DataModel.swift */ = {isa = PBXFileReference; lastKnownFileType = sourcecode.swift; path = DataModel.swift; sourceTree = "<group>"; };
		809FD062244ACA75008515AC /* VersionCheck.swift */ = {isa = PBXFileReference; lastKnownFileType = sourcecode.swift; path = VersionCheck.swift; sourceTree = "<group>"; };
		809FD064244ACC6C008515AC /* ModelRouter.swift */ = {isa = PBXFileReference; lastKnownFileType = sourcecode.swift; path = ModelRouter.swift; sourceTree = "<group>"; };
		80F266A2247CF07A002DE72E /* NewsAppTests.xctest */ = {isa = PBXFileReference; explicitFileType = wrapper.cfbundle; includeInIndex = 0; path = NewsAppTests.xctest; sourceTree = BUILT_PRODUCTS_DIR; };
		80F266A4247CF07A002DE72E /* NewsAppTests.swift */ = {isa = PBXFileReference; lastKnownFileType = sourcecode.swift; path = NewsAppTests.swift; sourceTree = "<group>"; };
		80F266A6247CF07A002DE72E /* Info.plist */ = {isa = PBXFileReference; lastKnownFileType = text.plist.xml; path = Info.plist; sourceTree = "<group>"; };
		811464CF8D11E4865BD648CF /* Pods-NewsApp.dev.xcconfig */ = {isa = PBXFileReference; includeInIndex = 1; lastKnownFileType = text.xcconfig; name = "Pods-NewsApp.dev.xcconfig"; path = "Pods/Target Support Files/Pods-NewsApp/Pods-NewsApp.dev.xcconfig"; sourceTree = "<group>"; };
		8D8618986B15ADBCFDF4D754 /* Pods-NewsApp.release.xcconfig */ = {isa = PBXFileReference; includeInIndex = 1; lastKnownFileType = text.xcconfig; name = "Pods-NewsApp.release.xcconfig"; path = "Pods/Target Support Files/Pods-NewsApp/Pods-NewsApp.release.xcconfig"; sourceTree = "<group>"; };
		91A96EEA47629467E9F619B5 /* Pods-Model.release.xcconfig */ = {isa = PBXFileReference; includeInIndex = 1; lastKnownFileType = text.xcconfig; name = "Pods-Model.release.xcconfig"; path = "Pods/Target Support Files/Pods-Model/Pods-Model.release.xcconfig"; sourceTree = "<group>"; };
		B9691FCF1EB18DD738B70658 /* Pods_Model.framework */ = {isa = PBXFileReference; explicitFileType = wrapper.framework; includeInIndex = 0; path = Pods_Model.framework; sourceTree = BUILT_PRODUCTS_DIR; };
		C62DCDB0EFC2CD13F00CDFE5 /* Pods-NewsApp.snapshot.xcconfig */ = {isa = PBXFileReference; includeInIndex = 1; lastKnownFileType = text.xcconfig; name = "Pods-NewsApp.snapshot.xcconfig"; path = "Pods/Target Support Files/Pods-NewsApp/Pods-NewsApp.snapshot.xcconfig"; sourceTree = "<group>"; };
		CA4470E656BB10AC052D667E /* Pods-Model.dev.xcconfig */ = {isa = PBXFileReference; includeInIndex = 1; lastKnownFileType = text.xcconfig; name = "Pods-Model.dev.xcconfig"; path = "Pods/Target Support Files/Pods-Model/Pods-Model.dev.xcconfig"; sourceTree = "<group>"; };
		DB16F6A79C6BA761857D7187 /* Pods-NewsApp.debug.xcconfig */ = {isa = PBXFileReference; includeInIndex = 1; lastKnownFileType = text.xcconfig; name = "Pods-NewsApp.debug.xcconfig"; path = "Pods/Target Support Files/Pods-NewsApp/Pods-NewsApp.debug.xcconfig"; sourceTree = "<group>"; };
		DF244BFD639AF39D4D9FA008 /* Pods_NewsApp.framework */ = {isa = PBXFileReference; explicitFileType = wrapper.framework; includeInIndex = 0; path = Pods_NewsApp.framework; sourceTree = BUILT_PRODUCTS_DIR; };
		E33D6E0B21BFC08900A3A174 /* Logging.swift */ = {isa = PBXFileReference; fileEncoding = 4; lastKnownFileType = sourcecode.swift; path = Logging.swift; sourceTree = "<group>"; };
		E33D6E1221BFC21D00A3A174 /* NewsApp-Info.plist */ = {isa = PBXFileReference; fileEncoding = 4; lastKnownFileType = text.plist.xml; path = "NewsApp-Info.plist"; sourceTree = "<group>"; };
		E33D6E1321BFC21D00A3A174 /* Assets.xcassets */ = {isa = PBXFileReference; lastKnownFileType = folder.assetcatalog; path = Assets.xcassets; sourceTree = "<group>"; };
		E33D6E1521BFC21D00A3A174 /* Base */ = {isa = PBXFileReference; lastKnownFileType = file.storyboard; name = Base; path = Base.lproj/LaunchScreen.storyboard; sourceTree = "<group>"; };
		E33D6E1721BFC21D00A3A174 /* Base */ = {isa = PBXFileReference; lastKnownFileType = file.storyboard; name = Base; path = Base.lproj/Main.storyboard; sourceTree = "<group>"; };
		E33D6E1821BFC21D00A3A174 /* NewsApp-Bridging-Header.h */ = {isa = PBXFileReference; fileEncoding = 4; lastKnownFileType = sourcecode.c.h; path = "NewsApp-Bridging-Header.h"; sourceTree = "<group>"; };
		E33D6E1A21BFC21D00A3A174 /* Constants.swift */ = {isa = PBXFileReference; fileEncoding = 4; lastKnownFileType = sourcecode.swift; path = Constants.swift; sourceTree = "<group>"; };
		E33D6E1B21BFC21D00A3A174 /* ViewController.swift */ = {isa = PBXFileReference; fileEncoding = 4; lastKnownFileType = sourcecode.swift; path = ViewController.swift; sourceTree = "<group>"; };
		E33D6E1C21BFC21D00A3A174 /* Storyboards.swift */ = {isa = PBXFileReference; fileEncoding = 4; lastKnownFileType = sourcecode.swift; path = Storyboards.swift; sourceTree = "<group>"; };
		E33D6E1D21BFC21D00A3A174 /* AppDelegate.swift */ = {isa = PBXFileReference; fileEncoding = 4; lastKnownFileType = sourcecode.swift; path = AppDelegate.swift; sourceTree = "<group>"; };
		E33D6E1F21BFC21D00A3A174 /* UIViewController+Helper.swift */ = {isa = PBXFileReference; fileEncoding = 4; lastKnownFileType = sourcecode.swift; path = "UIViewController+Helper.swift"; sourceTree = "<group>"; };
		E33D6E2021BFC21D00A3A174 /* NavigationBar.swift */ = {isa = PBXFileReference; fileEncoding = 4; lastKnownFileType = sourcecode.swift; path = NavigationBar.swift; sourceTree = "<group>"; };
		E33D6E2121BFC21D00A3A174 /* UIReusability.swift */ = {isa = PBXFileReference; fileEncoding = 4; lastKnownFileType = sourcecode.swift; path = UIReusability.swift; sourceTree = "<group>"; };
		E33D6E2221BFC21D00A3A174 /* UITableViewCell+Helper.swift */ = {isa = PBXFileReference; fileEncoding = 4; lastKnownFileType = sourcecode.swift; path = "UITableViewCell+Helper.swift"; sourceTree = "<group>"; };
		E33D6E2321BFC21D00A3A174 /* UITextField+Helper.swift */ = {isa = PBXFileReference; fileEncoding = 4; lastKnownFileType = sourcecode.swift; path = "UITextField+Helper.swift"; sourceTree = "<group>"; };
		E33D6E2421BFC21D00A3A174 /* UIView+Helper.swift */ = {isa = PBXFileReference; fileEncoding = 4; lastKnownFileType = sourcecode.swift; path = "UIView+Helper.swift"; sourceTree = "<group>"; };
		E33D6E2521BFC21D00A3A174 /* AppUtility.swift */ = {isa = PBXFileReference; fileEncoding = 4; lastKnownFileType = sourcecode.swift; path = AppUtility.swift; sourceTree = "<group>"; };
		E33D6E2F21BFC21D00A3A174 /* Fonts.swift */ = {isa = PBXFileReference; fileEncoding = 4; lastKnownFileType = sourcecode.swift; path = Fonts.swift; sourceTree = "<group>"; };
		E33D6E3021BFC21D00A3A174 /* Colors.swift */ = {isa = PBXFileReference; fileEncoding = 4; lastKnownFileType = sourcecode.swift; path = Colors.swift; sourceTree = "<group>"; };
		E33D6E3121BFC21D00A3A174 /* NavigationItem.swift */ = {isa = PBXFileReference; fileEncoding = 4; lastKnownFileType = sourcecode.swift; path = NavigationItem.swift; sourceTree = "<group>"; };
		E33D6E3221BFC21D00A3A174 /* Configuration.swift */ = {isa = PBXFileReference; fileEncoding = 4; lastKnownFileType = sourcecode.swift; path = Configuration.swift; sourceTree = "<group>"; };
		E33D6E4D21BFC47900A3A174 /* ImageView.swift */ = {isa = PBXFileReference; fileEncoding = 4; lastKnownFileType = sourcecode.swift; path = ImageView.swift; sourceTree = "<group>"; };
		E33D6E5121BFC47900A3A174 /* Loader.swift */ = {isa = PBXFileReference; fileEncoding = 4; lastKnownFileType = sourcecode.swift; path = Loader.swift; sourceTree = "<group>"; };
		E33D6E5721BFC49600A3A174 /* TableViewCell.swift */ = {isa = PBXFileReference; fileEncoding = 4; lastKnownFileType = sourcecode.swift; path = TableViewCell.swift; sourceTree = "<group>"; };
		E33D6E5921BFC49600A3A174 /* CollectionViewCell.swift */ = {isa = PBXFileReference; fileEncoding = 4; lastKnownFileType = sourcecode.swift; path = CollectionViewCell.swift; sourceTree = "<group>"; };
		E345391921B1203B0062D0A6 /* NewsApp.app */ = {isa = PBXFileReference; explicitFileType = wrapper.application; includeInIndex = 0; path = NewsApp.app; sourceTree = BUILT_PRODUCTS_DIR; };
		E345393321B120D80062D0A6 /* Model.framework */ = {isa = PBXFileReference; explicitFileType = wrapper.framework; includeInIndex = 0; path = Model.framework; sourceTree = BUILT_PRODUCTS_DIR; };
		E345395321B131F40062D0A6 /* Model.h */ = {isa = PBXFileReference; fileEncoding = 4; lastKnownFileType = sourcecode.c.h; path = Model.h; sourceTree = "<group>"; };
		E345395721B132250062D0A6 /* Model-Info.plist */ = {isa = PBXFileReference; fileEncoding = 4; lastKnownFileType = text.plist.xml; path = "Model-Info.plist"; sourceTree = "<group>"; };
		EBFEA6B42E89301900B77986 /* Pods-Model.snapshot.xcconfig */ = {isa = PBXFileReference; includeInIndex = 1; lastKnownFileType = text.xcconfig; name = "Pods-Model.snapshot.xcconfig"; path = "Pods/Target Support Files/Pods-Model/Pods-Model.snapshot.xcconfig"; sourceTree = "<group>"; };
/* End PBXFileReference section */

/* Begin PBXFrameworksBuildPhase section */
		80F2669F247CF07A002DE72E /* Frameworks */ = {
			isa = PBXFrameworksBuildPhase;
			buildActionMask = 2147483647;
			files = (
			);
			runOnlyForDeploymentPostprocessing = 0;
		};
		E345391621B1203B0062D0A6 /* Frameworks */ = {
			isa = PBXFrameworksBuildPhase;
			buildActionMask = 2147483647;
			files = (
				8047151729D814E400B0E30F /* Popover in Frameworks */,
				8088675B29D8207E007C3CC8 /* ReactiveCocoa in Frameworks */,
				E345393A21B120D80062D0A6 /* Model.framework in Frameworks */,
				23FAC33D4963E446D830AACA /* Pods_NewsApp.framework in Frameworks */,
			);
			runOnlyForDeploymentPostprocessing = 0;
		};
		E345392F21B120D80062D0A6 /* Frameworks */ = {
			isa = PBXFrameworksBuildPhase;
			buildActionMask = 2147483647;
			files = (
				2E254E5A2661B46D114A776C /* Pods_Model.framework in Frameworks */,
				8047151429D8140500B0E30F /* ReactiveSwift in Frameworks */,
			);
			runOnlyForDeploymentPostprocessing = 0;
		};
/* End PBXFrameworksBuildPhase section */

/* Begin PBXGroup section */
		5716F7ACE91F6196E82850DF /* Frameworks */ = {
			isa = PBXGroup;
			children = (
				B9691FCF1EB18DD738B70658 /* Pods_Model.framework */,
				DF244BFD639AF39D4D9FA008 /* Pods_NewsApp.framework */,
			);
			name = Frameworks;
			sourceTree = "<group>";
		};
		7130F3F32BEB4A2A005FBD9F /* Entity */ = {
			isa = PBXGroup;
			children = (
				716FC0E82BECDCA900662AFD /* Machine */,
				71D540B42BEB92F5003222E8 /* User */,
				7130F3F42BEB4A46005FBD9F /* News */,
			);
			path = Entity;
			sourceTree = "<group>";
		};
		7130F3F42BEB4A46005FBD9F /* News */ = {
			isa = PBXGroup;
			children = (
				7130F3F52BEB4A59005FBD9F /* Article.swift */,
			);
			path = News;
			sourceTree = "<group>";
		};
		716FC0E82BECDCA900662AFD /* Machine */ = {
			isa = PBXGroup;
			children = (
				716FC0E92BECDCF700662AFD /* Machines.swift */,
			);
			path = Machine;
			sourceTree = "<group>";
		};
		71BE36852BE4E805005A79DA /* UI */ = {
			isa = PBXGroup;
			children = (
				71BE36862BE4E809005A79DA /* Modules */,
			);
			path = UI;
			sourceTree = "<group>";
		};
		71BE36862BE4E809005A79DA /* Modules */ = {
			isa = PBXGroup;
			children = (
				71D540A72BEB8922003222E8 /* Wallet */,
				71BE36872BE4E80E005A79DA /* News */,
			);
			path = Modules;
			sourceTree = "<group>";
		};
		71BE36872BE4E80E005A79DA /* News */ = {
			isa = PBXGroup;
			children = (
				71BE368B2BE4E828005A79DA /* Views */,
				71BE368A2BE4E81E005A79DA /* CelModels */,
				71BE36892BE4E818005A79DA /* ViewModels */,
				71BE36882BE4E812005A79DA /* Controllers */,
				7151279C2BE50671002806A4 /* News.storyboard */,
			);
			path = News;
			sourceTree = "<group>";
		};
		71BE36882BE4E812005A79DA /* Controllers */ = {
			isa = PBXGroup;
			children = (
				7151279A2BE50660002806A4 /* NewsListViewController.swift */,
			);
			path = Controllers;
			sourceTree = "<group>";
		};
		71BE36892BE4E818005A79DA /* ViewModels */ = {
			isa = PBXGroup;
			children = (
				7151279E2BE50695002806A4 /* NewsListViewModel.swift */,
			);
			path = ViewModels;
			sourceTree = "<group>";
		};
		71BE368A2BE4E81E005A79DA /* CelModels */ = {
			isa = PBXGroup;
			children = (
				715127A02BE50F17002806A4 /* NewListCelModel.swift */,
			);
			path = CelModels;
			sourceTree = "<group>";
		};
		71BE368B2BE4E828005A79DA /* Views */ = {
			isa = PBXGroup;
			children = (
				715127A22BE50F5B002806A4 /* NewsListCell.swift */,
				715127A32BE50F5B002806A4 /* NewsListCell.xib */,
			);
			path = Views;
			sourceTree = "<group>";
		};
		71D540A72BEB8922003222E8 /* Wallet */ = {
			isa = PBXGroup;
			children = (
				71D540A82BEB8922003222E8 /* ViewModels */,
				71D540A92BEB8922003222E8 /* CellModels */,
				71D540AB2BEB8922003222E8 /* Wallet.storyboard */,
				71D540AC2BEB8922003222E8 /* Controllers */,
				71D540AE2BEB8922003222E8 /* Views */,
			);
			name = Wallet;
			path = ../../../../../../NewProject/NewsApp/NewsApp/Code/UI/Modules/Wallet;
			sourceTree = "<group>";
		};
		71D540A82BEB8922003222E8 /* ViewModels */ = {
			isa = PBXGroup;
			children = (
				716FC0E62BECDA1500662AFD /* ViewMachineBalanceListViewModel.swift */,
				716FC0EF2BECFB5800662AFD /* SectionModel.swift */,
			);
			path = ViewModels;
			sourceTree = "<group>";
		};
		71D540A92BEB8922003222E8 /* CellModels */ = {
			isa = PBXGroup;
			children = (
				716FC0E42BECD85200662AFD /* ViewMachineBalanceCellModel.swift */,
			);
			path = CellModels;
			sourceTree = "<group>";
		};
		71D540AC2BEB8922003222E8 /* Controllers */ = {
			isa = PBXGroup;
			children = (
				71D540AD2BEB8922003222E8 /* WalletViewController.swift */,
				71D540BC2BECA20E003222E8 /* ViewMachineBalanceController.swift */,
			);
			path = Controllers;
			sourceTree = "<group>";
		};
		71D540AE2BEB8922003222E8 /* Views */ = {
			isa = PBXGroup;
			children = (
				715CCDEC2BECA73F0005D5B6 /* ViewMachineBalanceCell.swift */,
				715CCDED2BECA73F0005D5B6 /* ViewMachineBalanceCell.xib */,
			);
			path = Views;
			sourceTree = "<group>";
		};
		71D540B42BEB92F5003222E8 /* User */ = {
			isa = PBXGroup;
			children = (
				71D540B22BEB9147003222E8 /* User.swift */,
			);
			path = User;
			sourceTree = "<group>";
		};
		71D540B72BEB98EA003222E8 /* APICalls */ = {
			isa = PBXGroup;
			children = (
				71D540B82BEB992C003222E8 /* User+API.swift */,
				716FC0ED2BECF83700662AFD /* Machine+API.swift */,
			);
			path = APICalls;
			sourceTree = "<group>";
		};
		8021132329D81D1C0061E89A /* Biometric */ = {
			isa = PBXGroup;
			children = (
				8021132129D81CFF0061E89A /* UIViewController+Biometric.swift */,
				8021132429D81D2F0061E89A /* BiometricManager.swift */,
			);
			path = Biometric;
			sourceTree = "<group>";
		};
		804714F529D80F3000B0E30F /* OTPView */ = {
			isa = PBXGroup;
			children = (
				804714F629D80F3000B0E30F /* OTPView.swift */,
				804714F729D80F3000B0E30F /* OTPTextField.swift */,
			);
			path = OTPView;
			sourceTree = "<group>";
		};
		804714FA29D80F8000B0E30F /* FontManager */ = {
			isa = PBXGroup;
			children = (
				804714FB29D80F9B00B0E30F /* FontType.swift */,
				804714FD29D8106A00B0E30F /* AppFont.swift */,
				804714FF29D810DF00B0E30F /* FontHelper.swift */,
			);
			path = FontManager;
			sourceTree = "<group>";
		};
		8088675C29D822B3007C3CC8 /* LocalNotification */ = {
			isa = PBXGroup;
			children = (
				8088675D29D822C6007C3CC8 /* LocalNotificationManager.swift */,
				8088675F29D822E2007C3CC8 /* LocalNotificationType.swift */,
			);
			path = LocalNotification;
			sourceTree = "<group>";
		};
		8088676329D8238C007C3CC8 /* DateHelpers */ = {
			isa = PBXGroup;
			children = (
				8088676129D82389007C3CC8 /* Date+Helper.swift */,
			);
			path = DateHelpers;
			sourceTree = "<group>";
		};
		809FD053244AB4C6008515AC /* API */ = {
			isa = PBXGroup;
			children = (
				809FD054244AB4E6008515AC /* APIConfig.swift */,
				809FD056244AB52B008515AC /* AuthHeaders.swift */,
				809FD058244AB556008515AC /* ErrorResponse.swift */,
				809FD05A244AB5BB008515AC /* NewsAppAPIClient.swift */,
				71D540BA2BEB9C5A003222E8 /* FoxAPIClient.swift */,
			);
			path = API;
			sourceTree = "<group>";
		};
		809FD05C244AB61A008515AC /* Router */ = {
			isa = PBXGroup;
			children = (
				809FD05D244AB629008515AC /* BaseRouter.swift */,
				809FD064244ACC6C008515AC /* ModelRouter.swift */,
				71D540B52BEB9343003222E8 /* UserRouter.swift */,
				716FC0EB2BECEFE900662AFD /* MachineRouter.swift */,
			);
			path = Router;
			sourceTree = "<group>";
		};
		809FD05F244AB6A2008515AC /* DataModel */ = {
			isa = PBXGroup;
			children = (
				809FD060244AB6B3008515AC /* DataModel.swift */,
				809FD062244ACA75008515AC /* VersionCheck.swift */,
			);
			path = DataModel;
			sourceTree = "<group>";
		};
		80F266A3247CF07A002DE72E /* NewsAppTests */ = {
			isa = PBXGroup;
			children = (
				80F266A4247CF07A002DE72E /* NewsAppTests.swift */,
				80F266A6247CF07A002DE72E /* Info.plist */,
			);
			path = NewsAppTests;
			sourceTree = "<group>";
		};
		CD56D27A3EDF98946E221CAD /* Pods */ = {
			isa = PBXGroup;
			children = (
				38289BFEA7A50EA97916F002 /* Pods-Model.debug.xcconfig */,
				91A96EEA47629467E9F619B5 /* Pods-Model.release.xcconfig */,
				40C6608BE3357626E64EBC76 /* Pods-Model.staging.xcconfig */,
				DB16F6A79C6BA761857D7187 /* Pods-NewsApp.debug.xcconfig */,
				8D8618986B15ADBCFDF4D754 /* Pods-NewsApp.release.xcconfig */,
				5EB24D852DCDE1EE24D817B0 /* Pods-NewsApp.staging.xcconfig */,
				EBFEA6B42E89301900B77986 /* Pods-Model.snapshot.xcconfig */,
				C62DCDB0EFC2CD13F00CDFE5 /* Pods-NewsApp.snapshot.xcconfig */,
				CA4470E656BB10AC052D667E /* Pods-Model.dev.xcconfig */,
				811464CF8D11E4865BD648CF /* Pods-NewsApp.dev.xcconfig */,
			);
			name = Pods;
			sourceTree = "<group>";
		};
		E33D6E0921BFC08900A3A174 /* Common */ = {
			isa = PBXGroup;
			children = (
				E33D6E0A21BFC08900A3A174 /* Logs */,
			);
			path = Common;
			sourceTree = "<group>";
		};
		E33D6E0A21BFC08900A3A174 /* Logs */ = {
			isa = PBXGroup;
			children = (
				E33D6E0B21BFC08900A3A174 /* Logging.swift */,
			);
			path = Logs;
			sourceTree = "<group>";
		};
		E33D6E1021BFC21D00A3A174 /* NewsApp */ = {
			isa = PBXGroup;
			children = (
				E33D6E1921BFC21D00A3A174 /* Code */,
				E33D6E1121BFC21D00A3A174 /* Resources */,
			);
			path = NewsApp;
			sourceTree = "<group>";
		};
		E33D6E1121BFC21D00A3A174 /* Resources */ = {
			isa = PBXGroup;
			children = (
				E33D6E1221BFC21D00A3A174 /* NewsApp-Info.plist */,
				E33D6E1321BFC21D00A3A174 /* Assets.xcassets */,
				E33D6E1421BFC21D00A3A174 /* LaunchScreen.storyboard */,
				E33D6E1621BFC21D00A3A174 /* Main.storyboard */,
				E33D6E1821BFC21D00A3A174 /* NewsApp-Bridging-Header.h */,
			);
			path = Resources;
			sourceTree = "<group>";
		};
		E33D6E1921BFC21D00A3A174 /* Code */ = {
			isa = PBXGroup;
			children = (
				71BE36852BE4E805005A79DA /* UI */,
				E33D6E1A21BFC21D00A3A174 /* Constants.swift */,
				E33D6E1B21BFC21D00A3A174 /* ViewController.swift */,
				E33D6E1D21BFC21D00A3A174 /* AppDelegate.swift */,
				E33D6E1C21BFC21D00A3A174 /* Storyboards.swift */,
				E33D6E3221BFC21D00A3A174 /* Configuration.swift */,
				E33D6E1E21BFC21D00A3A174 /* Helpers */,
			);
			path = Code;
			sourceTree = "<group>";
		};
		E33D6E1E21BFC21D00A3A174 /* Helpers */ = {
			isa = PBXGroup;
			children = (
				E33D6E1F21BFC21D00A3A174 /* UIViewController+Helper.swift */,
				E33D6E2021BFC21D00A3A174 /* NavigationBar.swift */,
				E33D6E2121BFC21D00A3A174 /* UIReusability.swift */,
				E33D6E2221BFC21D00A3A174 /* UITableViewCell+Helper.swift */,
				E33D6E2321BFC21D00A3A174 /* UITextField+Helper.swift */,
				E33D6E2421BFC21D00A3A174 /* UIView+Helper.swift */,
				E33D6E2521BFC21D00A3A174 /* AppUtility.swift */,
				E33D6E2F21BFC21D00A3A174 /* Fonts.swift */,
				E33D6E3021BFC21D00A3A174 /* Colors.swift */,
				E33D6E3121BFC21D00A3A174 /* NavigationItem.swift */,
				804714EE29D8089F00B0E30F /* String+Helper.swift */,
				E33D6E5821BFC49600A3A174 /* CollectionViewCell */,
				E33D6E5621BFC49600A3A174 /* TableViewCell */,
				E33D6E4C21BFC47900A3A174 /* ImageView */,
				E33D6E5021BFC47900A3A174 /* Loader */,
				804714F529D80F3000B0E30F /* OTPView */,
				804714FA29D80F8000B0E30F /* FontManager */,
				8021132329D81D1C0061E89A /* Biometric */,
				8088675C29D822B3007C3CC8 /* LocalNotification */,
				8088676329D8238C007C3CC8 /* DateHelpers */,
			);
			path = Helpers;
			sourceTree = "<group>";
		};
		E33D6E4C21BFC47900A3A174 /* ImageView */ = {
			isa = PBXGroup;
			children = (
				E33D6E4D21BFC47900A3A174 /* ImageView.swift */,
			);
			path = ImageView;
			sourceTree = "<group>";
		};
		E33D6E5021BFC47900A3A174 /* Loader */ = {
			isa = PBXGroup;
			children = (
				E33D6E5121BFC47900A3A174 /* Loader.swift */,
			);
			path = Loader;
			sourceTree = "<group>";
		};
		E33D6E5621BFC49600A3A174 /* TableViewCell */ = {
			isa = PBXGroup;
			children = (
				E33D6E5721BFC49600A3A174 /* TableViewCell.swift */,
			);
			path = TableViewCell;
			sourceTree = "<group>";
		};
		E33D6E5821BFC49600A3A174 /* CollectionViewCell */ = {
			isa = PBXGroup;
			children = (
				E33D6E5921BFC49600A3A174 /* CollectionViewCell.swift */,
			);
			path = CollectionViewCell;
			sourceTree = "<group>";
		};
		E345391021B1203B0062D0A6 = {
			isa = PBXGroup;
			children = (
				E33D6E0921BFC08900A3A174 /* Common */,
				E33D6E1021BFC21D00A3A174 /* NewsApp */,
				E345395121B131F40062D0A6 /* Model */,
				80F266A3247CF07A002DE72E /* NewsAppTests */,
				E345391A21B1203B0062D0A6 /* Products */,
				CD56D27A3EDF98946E221CAD /* Pods */,
				5716F7ACE91F6196E82850DF /* Frameworks */,
			);
			sourceTree = "<group>";
		};
		E345391A21B1203B0062D0A6 /* Products */ = {
			isa = PBXGroup;
			children = (
				E345391921B1203B0062D0A6 /* NewsApp.app */,
				E345393321B120D80062D0A6 /* Model.framework */,
				80F266A2247CF07A002DE72E /* NewsAppTests.xctest */,
			);
			name = Products;
			sourceTree = "<group>";
		};
		E345395121B131F40062D0A6 /* Model */ = {
			isa = PBXGroup;
			children = (
				71D540B72BEB98EA003222E8 /* APICalls */,
				7130F3F32BEB4A2A005FBD9F /* Entity */,
				809FD05F244AB6A2008515AC /* DataModel */,
				809FD05C244AB61A008515AC /* Router */,
				809FD053244AB4C6008515AC /* API */,
				E345395221B131F40062D0A6 /* Resources */,
				E345395321B131F40062D0A6 /* Model.h */,
			);
			path = Model;
			sourceTree = "<group>";
		};
		E345395221B131F40062D0A6 /* Resources */ = {
			isa = PBXGroup;
			children = (
				E345395721B132250062D0A6 /* Model-Info.plist */,
			);
			path = Resources;
			sourceTree = "<group>";
		};
/* End PBXGroup section */

/* Begin PBXHeadersBuildPhase section */
		E345393021B120D80062D0A6 /* Headers */ = {
			isa = PBXHeadersBuildPhase;
			buildActionMask = 2147483647;
			files = (
				E345395521B131F40062D0A6 /* Model.h in Headers */,
			);
			runOnlyForDeploymentPostprocessing = 0;
		};
/* End PBXHeadersBuildPhase section */

/* Begin PBXNativeTarget section */
		80F266A1247CF07A002DE72E /* NewsAppTests */ = {
			isa = PBXNativeTarget;
			buildConfigurationList = 80F266AD247CF07A002DE72E /* Build configuration list for PBXNativeTarget "NewsAppTests" */;
			buildPhases = (
				80F2669E247CF07A002DE72E /* Sources */,
				80F2669F247CF07A002DE72E /* Frameworks */,
				80F266A0247CF07A002DE72E /* Resources */,
			);
			buildRules = (
			);
			dependencies = (
				80F266A8247CF07A002DE72E /* PBXTargetDependency */,
			);
			name = NewsAppTests;
			productName = NewsAppTests;
			productReference = 80F266A2247CF07A002DE72E /* NewsAppTests.xctest */;
			productType = "com.apple.product-type.bundle.unit-test";
		};
		E345391821B1203B0062D0A6 /* NewsApp */ = {
			isa = PBXNativeTarget;
			buildConfigurationList = E345392B21B1203C0062D0A6 /* Build configuration list for PBXNativeTarget "NewsApp" */;
			buildPhases = (
				1698A98A940ED54D91DC5FF7 /* [CP] Check Pods Manifest.lock */,
				E345391521B1203B0062D0A6 /* Sources */,
				E345391621B1203B0062D0A6 /* Frameworks */,
				E345391721B1203B0062D0A6 /* Resources */,
				E345393F21B120D80062D0A6 /* Embed Frameworks */,
				1A7B73779F56714D38EC0600 /* [CP] Embed Pods Frameworks */,
			);
			buildRules = (
			);
			dependencies = (
				E345393921B120D80062D0A6 /* PBXTargetDependency */,
			);
			name = NewsApp;
			packageProductDependencies = (
				8047151629D814E400B0E30F /* Popover */,
				8088675A29D8207E007C3CC8 /* ReactiveCocoa */,
			);
			productName = NDC;
			productReference = E345391921B1203B0062D0A6 /* NewsApp.app */;
			productType = "com.apple.product-type.application";
		};
		E345393221B120D80062D0A6 /* Model */ = {
			isa = PBXNativeTarget;
			buildConfigurationList = E345393C21B120D80062D0A6 /* Build configuration list for PBXNativeTarget "Model" */;
			buildPhases = (
				B815A350A32A8F42B657088A /* [CP] Check Pods Manifest.lock */,
				E345392E21B120D80062D0A6 /* Sources */,
				E345392F21B120D80062D0A6 /* Frameworks */,
				E345393021B120D80062D0A6 /* Headers */,
				E345393121B120D80062D0A6 /* Resources */,
			);
			buildRules = (
			);
			dependencies = (
			);
			name = Model;
			packageProductDependencies = (
				8047151329D8140500B0E30F /* ReactiveSwift */,
			);
			productName = Model;
			productReference = E345393321B120D80062D0A6 /* Model.framework */;
			productType = "com.apple.product-type.framework";
		};
/* End PBXNativeTarget section */

/* Begin PBXProject section */
		E345391121B1203B0062D0A6 /* Project object */ = {
			isa = PBXProject;
			attributes = {
				BuildIndependentTargetsInParallel = YES;
				LastSwiftUpdateCheck = 1140;
				LastUpgradeCheck = 1520;
				ORGANIZATIONNAME = Nickelfox;
				TargetAttributes = {
					80F266A1247CF07A002DE72E = {
						CreatedOnToolsVersion = 11.4.1;
						TestTargetID = E345391821B1203B0062D0A6;
					};
					E345391821B1203B0062D0A6 = {
						CreatedOnToolsVersion = 9.4.1;
					};
					E345393221B120D80062D0A6 = {
						CreatedOnToolsVersion = 9.4.1;
					};
				};
			};
			buildConfigurationList = E345391421B1203B0062D0A6 /* Build configuration list for PBXProject "NewsApp" */;
			compatibilityVersion = "Xcode 9.3";
			developmentRegion = en;
			hasScannedForEncodings = 0;
			knownRegions = (
				en,
				Base,
			);
			mainGroup = E345391021B1203B0062D0A6;
			packageReferences = (
				8047151229D8140400B0E30F /* XCRemoteSwiftPackageReference "ReactiveSwift" */,
				8047151529D814E400B0E30F /* XCRemoteSwiftPackageReference "Popover" */,
				8088675929D8207E007C3CC8 /* XCRemoteSwiftPackageReference "ReactiveCocoa" */,
			);
			productRefGroup = E345391A21B1203B0062D0A6 /* Products */;
			projectDirPath = "";
			projectRoot = "";
			targets = (
				E345391821B1203B0062D0A6 /* NewsApp */,
				E345393221B120D80062D0A6 /* Model */,
				80F266A1247CF07A002DE72E /* NewsAppTests */,
			);
		};
/* End PBXProject section */

/* Begin PBXResourcesBuildPhase section */
		80F266A0247CF07A002DE72E /* Resources */ = {
			isa = PBXResourcesBuildPhase;
			buildActionMask = 2147483647;
			files = (
			);
			runOnlyForDeploymentPostprocessing = 0;
		};
		E345391721B1203B0062D0A6 /* Resources */ = {
			isa = PBXResourcesBuildPhase;
			buildActionMask = 2147483647;
			files = (
				715CCDEF2BECA73F0005D5B6 /* ViewMachineBalanceCell.xib in Resources */,
				E33D6E3521BFC21D00A3A174 /* LaunchScreen.storyboard in Resources */,
				71D540B02BEB8922003222E8 /* Wallet.storyboard in Resources */,
				715127A52BE50F5B002806A4 /* NewsListCell.xib in Resources */,
				E33D6E3421BFC21D00A3A174 /* Assets.xcassets in Resources */,
				E33D6E3621BFC21D00A3A174 /* Main.storyboard in Resources */,
				7151279D2BE50671002806A4 /* News.storyboard in Resources */,
			);
			runOnlyForDeploymentPostprocessing = 0;
		};
		E345393121B120D80062D0A6 /* Resources */ = {
			isa = PBXResourcesBuildPhase;
			buildActionMask = 2147483647;
			files = (
			);
			runOnlyForDeploymentPostprocessing = 0;
		};
/* End PBXResourcesBuildPhase section */

/* Begin PBXShellScriptBuildPhase section */
		1698A98A940ED54D91DC5FF7 /* [CP] Check Pods Manifest.lock */ = {
			isa = PBXShellScriptBuildPhase;
			buildActionMask = 2147483647;
			files = (
			);
			inputPaths = (
				"${PODS_PODFILE_DIR_PATH}/Podfile.lock",
				"${PODS_ROOT}/Manifest.lock",
			);
			name = "[CP] Check Pods Manifest.lock";
			outputPaths = (
				"$(DERIVED_FILE_DIR)/Pods-NewsApp-checkManifestLockResult.txt",
			);
			runOnlyForDeploymentPostprocessing = 0;
			shellPath = /bin/sh;
			shellScript = "diff \"${PODS_PODFILE_DIR_PATH}/Podfile.lock\" \"${PODS_ROOT}/Manifest.lock\" > /dev/null\nif [ $? != 0 ] ; then\n    # print error to STDERR\n    echo \"error: The sandbox is not in sync with the Podfile.lock. Run 'pod install' or update your CocoaPods installation.\" >&2\n    exit 1\nfi\n# This output is used by Xcode 'outputs' to avoid re-running this script phase.\necho \"SUCCESS\" > \"${SCRIPT_OUTPUT_FILE_0}\"\n";
			showEnvVarsInLog = 0;
		};
		1A7B73779F56714D38EC0600 /* [CP] Embed Pods Frameworks */ = {
			isa = PBXShellScriptBuildPhase;
			buildActionMask = 2147483647;
			files = (
			);
			inputFileListPaths = (
				"${PODS_ROOT}/Target Support Files/Pods-NewsApp/Pods-NewsApp-frameworks-${CONFIGURATION}-input-files.xcfilelist",
			);
			name = "[CP] Embed Pods Frameworks";
			outputFileListPaths = (
				"${PODS_ROOT}/Target Support Files/Pods-NewsApp/Pods-NewsApp-frameworks-${CONFIGURATION}-output-files.xcfilelist",
			);
			runOnlyForDeploymentPostprocessing = 0;
			shellPath = /bin/sh;
			shellScript = "\"${PODS_ROOT}/Target Support Files/Pods-NewsApp/Pods-NewsApp-frameworks.sh\"\n";
			showEnvVarsInLog = 0;
		};
		B815A350A32A8F42B657088A /* [CP] Check Pods Manifest.lock */ = {
			isa = PBXShellScriptBuildPhase;
			buildActionMask = 2147483647;
			files = (
			);
			inputPaths = (
				"${PODS_PODFILE_DIR_PATH}/Podfile.lock",
				"${PODS_ROOT}/Manifest.lock",
			);
			name = "[CP] Check Pods Manifest.lock";
			outputPaths = (
				"$(DERIVED_FILE_DIR)/Pods-Model-checkManifestLockResult.txt",
			);
			runOnlyForDeploymentPostprocessing = 0;
			shellPath = /bin/sh;
			shellScript = "diff \"${PODS_PODFILE_DIR_PATH}/Podfile.lock\" \"${PODS_ROOT}/Manifest.lock\" > /dev/null\nif [ $? != 0 ] ; then\n    # print error to STDERR\n    echo \"error: The sandbox is not in sync with the Podfile.lock. Run 'pod install' or update your CocoaPods installation.\" >&2\n    exit 1\nfi\n# This output is used by Xcode 'outputs' to avoid re-running this script phase.\necho \"SUCCESS\" > \"${SCRIPT_OUTPUT_FILE_0}\"\n";
			showEnvVarsInLog = 0;
		};
/* End PBXShellScriptBuildPhase section */

/* Begin PBXSourcesBuildPhase section */
		80F2669E247CF07A002DE72E /* Sources */ = {
			isa = PBXSourcesBuildPhase;
			buildActionMask = 2147483647;
			files = (
				80F266A5247CF07A002DE72E /* NewsAppTests.swift in Sources */,
			);
			runOnlyForDeploymentPostprocessing = 0;
		};
		E345391521B1203B0062D0A6 /* Sources */ = {
			isa = PBXSourcesBuildPhase;
			buildActionMask = 2147483647;
			files = (
				804714F829D80F3000B0E30F /* OTPView.swift in Sources */,
				E33D6E4721BFC21D00A3A174 /* Colors.swift in Sources */,
				E33D6E3921BFC21D00A3A174 /* Storyboards.swift in Sources */,
				E33D6E3D21BFC21D00A3A174 /* UIReusability.swift in Sources */,
				E33D6E3821BFC21D00A3A174 /* ViewController.swift in Sources */,
				71D540B12BEB8922003222E8 /* WalletViewController.swift in Sources */,
				8088676229D82389007C3CC8 /* Date+Helper.swift in Sources */,
				E33D6E5A21BFC49600A3A174 /* TableViewCell.swift in Sources */,
				E33D6E0C21BFC08900A3A174 /* Logging.swift in Sources */,
				8021132529D81D2F0061E89A /* BiometricManager.swift in Sources */,
				E33D6E4921BFC21D00A3A174 /* Configuration.swift in Sources */,
				8088675E29D822C6007C3CC8 /* LocalNotificationManager.swift in Sources */,
				7151279F2BE50695002806A4 /* NewsListViewModel.swift in Sources */,
				E33D6E5321BFC47900A3A174 /* ImageView.swift in Sources */,
				8021132229D81CFF0061E89A /* UIViewController+Biometric.swift in Sources */,
				E33D6E3A21BFC21D00A3A174 /* AppDelegate.swift in Sources */,
				8047150029D810DF00B0E30F /* FontHelper.swift in Sources */,
				7151279B2BE50660002806A4 /* NewsListViewController.swift in Sources */,
				E33D6E4021BFC21D00A3A174 /* UIView+Helper.swift in Sources */,
				E33D6E5B21BFC49600A3A174 /* CollectionViewCell.swift in Sources */,
				E33D6E4621BFC21D00A3A174 /* Fonts.swift in Sources */,
				804714F929D80F3000B0E30F /* OTPTextField.swift in Sources */,
				715127A12BE50F17002806A4 /* NewListCelModel.swift in Sources */,
				E33D6E4821BFC21D00A3A174 /* NavigationItem.swift in Sources */,
				E33D6E3F21BFC21D00A3A174 /* UITextField+Helper.swift in Sources */,
				E33D6E3C21BFC21D00A3A174 /* NavigationBar.swift in Sources */,
				E33D6E5521BFC47900A3A174 /* Loader.swift in Sources */,
				804714FC29D80F9B00B0E30F /* FontType.swift in Sources */,
				804714EF29D8089F00B0E30F /* String+Helper.swift in Sources */,
				E33D6E4121BFC21D00A3A174 /* AppUtility.swift in Sources */,
				716FC0F02BECFB5800662AFD /* SectionModel.swift in Sources */,
				716FC0E52BECD85200662AFD /* ViewMachineBalanceCellModel.swift in Sources */,
				804714FE29D8106A00B0E30F /* AppFont.swift in Sources */,
				E33D6E3B21BFC21D00A3A174 /* UIViewController+Helper.swift in Sources */,
				715127A42BE50F5B002806A4 /* NewsListCell.swift in Sources */,
				71D540BD2BECA20E003222E8 /* ViewMachineBalanceController.swift in Sources */,
				E33D6E3721BFC21D00A3A174 /* Constants.swift in Sources */,
				715CCDEE2BECA73F0005D5B6 /* ViewMachineBalanceCell.swift in Sources */,
				8088676029D822E2007C3CC8 /* LocalNotificationType.swift in Sources */,
				716FC0E72BECDA1500662AFD /* ViewMachineBalanceListViewModel.swift in Sources */,
				E33D6E3E21BFC21D00A3A174 /* UITableViewCell+Helper.swift in Sources */,
			);
			runOnlyForDeploymentPostprocessing = 0;
		};
		E345392E21B120D80062D0A6 /* Sources */ = {
			isa = PBXSourcesBuildPhase;
			buildActionMask = 2147483647;
			files = (
				809FD061244AB6B3008515AC /* DataModel.swift in Sources */,
				809FD063244ACA75008515AC /* VersionCheck.swift in Sources */,
				71D540B92BEB992C003222E8 /* User+API.swift in Sources */,
				809FD055244AB4E6008515AC /* APIConfig.swift in Sources */,
				716FC0EC2BECEFE900662AFD /* MachineRouter.swift in Sources */,
				809FD065244ACC6C008515AC /* ModelRouter.swift in Sources */,
				7130F3F62BEB4A59005FBD9F /* Article.swift in Sources */,
				809FD05E244AB629008515AC /* BaseRouter.swift in Sources */,
				809FD057244AB52B008515AC /* AuthHeaders.swift in Sources */,
				71D540B62BEB9343003222E8 /* UserRouter.swift in Sources */,
				809FD05B244AB5BB008515AC /* NewsAppAPIClient.swift in Sources */,
				716FC0EE2BECF83700662AFD /* Machine+API.swift in Sources */,
				E33D6E0D21BFC08900A3A174 /* Logging.swift in Sources */,
				716FC0EA2BECDCF700662AFD /* Machines.swift in Sources */,
				809FD059244AB556008515AC /* ErrorResponse.swift in Sources */,
				71D540B32BEB9147003222E8 /* User.swift in Sources */,
				71D540BB2BEB9C5A003222E8 /* FoxAPIClient.swift in Sources */,
			);
			runOnlyForDeploymentPostprocessing = 0;
		};
/* End PBXSourcesBuildPhase section */

/* Begin PBXTargetDependency section */
		80F266A8247CF07A002DE72E /* PBXTargetDependency */ = {
			isa = PBXTargetDependency;
			target = E345391821B1203B0062D0A6 /* NewsApp */;
			targetProxy = 80F266A7247CF07A002DE72E /* PBXContainerItemProxy */;
		};
		E345393921B120D80062D0A6 /* PBXTargetDependency */ = {
			isa = PBXTargetDependency;
			target = E345393221B120D80062D0A6 /* Model */;
			targetProxy = E345393821B120D80062D0A6 /* PBXContainerItemProxy */;
		};
/* End PBXTargetDependency section */

/* Begin PBXVariantGroup section */
		E33D6E1421BFC21D00A3A174 /* LaunchScreen.storyboard */ = {
			isa = PBXVariantGroup;
			children = (
				E33D6E1521BFC21D00A3A174 /* Base */,
			);
			name = LaunchScreen.storyboard;
			sourceTree = "<group>";
		};
		E33D6E1621BFC21D00A3A174 /* Main.storyboard */ = {
			isa = PBXVariantGroup;
			children = (
				E33D6E1721BFC21D00A3A174 /* Base */,
			);
			name = Main.storyboard;
			sourceTree = "<group>";
		};
/* End PBXVariantGroup section */

/* Begin XCBuildConfiguration section */
		8084998A231E697D00F49E6A /* Dev */ = {
			isa = XCBuildConfiguration;
			buildSettings = {
				ALWAYS_SEARCH_USER_PATHS = NO;
				CLANG_ANALYZER_NONNULL = YES;
				CLANG_ANALYZER_NUMBER_OBJECT_CONVERSION = YES_AGGRESSIVE;
				CLANG_CXX_LANGUAGE_STANDARD = "gnu++14";
				CLANG_CXX_LIBRARY = "libc++";
				CLANG_ENABLE_MODULES = YES;
				CLANG_ENABLE_OBJC_ARC = YES;
				CLANG_ENABLE_OBJC_WEAK = YES;
				CLANG_WARN_BLOCK_CAPTURE_AUTORELEASING = YES;
				CLANG_WARN_BOOL_CONVERSION = YES;
				CLANG_WARN_COMMA = YES;
				CLANG_WARN_CONSTANT_CONVERSION = YES;
				CLANG_WARN_DEPRECATED_OBJC_IMPLEMENTATIONS = YES;
				CLANG_WARN_DIRECT_OBJC_ISA_USAGE = YES_ERROR;
				CLANG_WARN_DOCUMENTATION_COMMENTS = YES;
				CLANG_WARN_EMPTY_BODY = YES;
				CLANG_WARN_ENUM_CONVERSION = YES;
				CLANG_WARN_INFINITE_RECURSION = YES;
				CLANG_WARN_INT_CONVERSION = YES;
				CLANG_WARN_NON_LITERAL_NULL_CONVERSION = YES;
				CLANG_WARN_OBJC_IMPLICIT_RETAIN_SELF = YES;
				CLANG_WARN_OBJC_LITERAL_CONVERSION = YES;
				CLANG_WARN_OBJC_ROOT_CLASS = YES_ERROR;
				CLANG_WARN_QUOTED_INCLUDE_IN_FRAMEWORK_HEADER = YES;
				CLANG_WARN_RANGE_LOOP_ANALYSIS = YES;
				CLANG_WARN_STRICT_PROTOTYPES = YES;
				CLANG_WARN_SUSPICIOUS_MOVE = YES;
				CLANG_WARN_UNGUARDED_AVAILABILITY = YES_AGGRESSIVE;
				CLANG_WARN_UNREACHABLE_CODE = YES;
				CLANG_WARN__DUPLICATE_METHOD_MATCH = YES;
				CODE_SIGN_IDENTITY = "iPhone Developer";
				COPY_PHASE_STRIP = NO;
				CURRENT_PROJECT_VERSION = 1;
				DEBUG_INFORMATION_FORMAT = "dwarf-with-dsym";
				DEVELOPMENT_TEAM = 2P7R4H9ZM8;
				ENABLE_NS_ASSERTIONS = NO;
				ENABLE_STRICT_OBJC_MSGSEND = YES;
				ENABLE_USER_SCRIPT_SANDBOXING = YES;
				GCC_C_LANGUAGE_STANDARD = gnu11;
				GCC_NO_COMMON_BLOCKS = YES;
				GCC_PREPROCESSOR_DEFINITIONS = "DEV=1";
				GCC_WARN_64_TO_32_BIT_CONVERSION = YES;
				GCC_WARN_ABOUT_RETURN_TYPE = YES_ERROR;
				GCC_WARN_UNDECLARED_SELECTOR = YES;
				GCC_WARN_UNINITIALIZED_AUTOS = YES_AGGRESSIVE;
				GCC_WARN_UNUSED_FUNCTION = YES;
				GCC_WARN_UNUSED_VARIABLE = YES;
				IPHONEOS_DEPLOYMENT_TARGET = 15.0;
				MTL_ENABLE_DEBUG_INFO = NO;
				PRODUCT_BUNDLE_IDENTIFIER = com.nickelfox.newsapp;
				SDKROOT = iphoneos;
				SWIFT_ACTIVE_COMPILATION_CONDITIONS = DEV;
				SWIFT_COMPILATION_MODE = wholemodule;
				SWIFT_OPTIMIZATION_LEVEL = "-O";
				SWIFT_VERSION = 5.0;
				VALIDATE_PRODUCT = YES;
				VERSIONING_SYSTEM = "apple-generic";
			};
			name = Dev;
		};
		8084998B231E697D00F49E6A /* Dev */ = {
			isa = XCBuildConfiguration;
			baseConfigurationReference = 811464CF8D11E4865BD648CF /* Pods-NewsApp.dev.xcconfig */;
			buildSettings = {
				ALWAYS_EMBED_SWIFT_STANDARD_LIBRARIES = YES;
				ASSETCATALOG_COMPILER_APPICON_NAME = AppIcon;
				CODE_SIGN_IDENTITY = "iPhone Developer";
				CODE_SIGN_STYLE = Automatic;
				DEVELOPMENT_TEAM = 2P7R4H9ZM8;
				INFOPLIST_FILE = "NewsApp/Resources/NewsApp-Info.plist";
				IPHONEOS_DEPLOYMENT_TARGET = 15.0;
				LD_RUNPATH_SEARCH_PATHS = (
					"$(inherited)",
					"@executable_path/Frameworks",
				);
				PRODUCT_BUNDLE_IDENTIFIER = com.nickelfox.NewsApp;
				PRODUCT_NAME = "$(TARGET_NAME)";
				PROVISIONING_PROFILE_SPECIFIER = "";
				SWIFT_OBJC_BRIDGING_HEADER = "NewsApp/Resources/NewsApp-Bridging-Header.h";
				TARGETED_DEVICE_FAMILY = "1,2";
			};
			name = Dev;
		};
		8084998C231E697D00F49E6A /* Dev */ = {
			isa = XCBuildConfiguration;
			baseConfigurationReference = CA4470E656BB10AC052D667E /* Pods-Model.dev.xcconfig */;
			buildSettings = {
				CODE_SIGN_IDENTITY = "";
				CODE_SIGN_STYLE = Automatic;
				DEFINES_MODULE = YES;
				DYLIB_COMPATIBILITY_VERSION = 1;
				DYLIB_CURRENT_VERSION = 1;
				DYLIB_INSTALL_NAME_BASE = "@rpath";
				ENABLE_MODULE_VERIFIER = YES;
				INFOPLIST_FILE = "Model/Resources/Model-Info.plist";
				INSTALL_PATH = "$(LOCAL_LIBRARY_DIR)/Frameworks";
				LD_RUNPATH_SEARCH_PATHS = (
					"$(inherited)",
					"@executable_path/Frameworks",
					"@loader_path/Frameworks",
				);
				MODULE_VERIFIER_SUPPORTED_LANGUAGES = "objective-c objective-c++";
				MODULE_VERIFIER_SUPPORTED_LANGUAGE_STANDARDS = "gnu11 gnu++14";
				PRODUCT_BUNDLE_IDENTIFIER = "$(inherited).Model";
				PRODUCT_NAME = "$(TARGET_NAME:c99extidentifier)";
				SKIP_INSTALL = YES;
				TARGETED_DEVICE_FAMILY = "1,2";
			};
			name = Dev;
		};
		80F266A9247CF07A002DE72E /* Debug */ = {
			isa = XCBuildConfiguration;
			buildSettings = {
				BUNDLE_LOADER = "$(TEST_HOST)";
				CODE_SIGN_STYLE = Automatic;
				DEVELOPMENT_TEAM = 2P7R4H9ZM8;
				INFOPLIST_FILE = NewsAppTests/Info.plist;
				LD_RUNPATH_SEARCH_PATHS = (
					"$(inherited)",
					"@executable_path/Frameworks",
					"@loader_path/Frameworks",
				);
				MTL_ENABLE_DEBUG_INFO = INCLUDE_SOURCE;
				MTL_FAST_MATH = YES;
				PRODUCT_BUNDLE_IDENTIFIER = com.nickelfox.NewsAppTests;
				PRODUCT_NAME = "$(TARGET_NAME)";
				SWIFT_VERSION = 5.0;
				TARGETED_DEVICE_FAMILY = "1,2";
				TEST_HOST = "$(BUILT_PRODUCTS_DIR)/NewsApp.app/NewsApp";
			};
			name = Debug;
		};
		80F266AA247CF07A002DE72E /* Release */ = {
			isa = XCBuildConfiguration;
			buildSettings = {
				BUNDLE_LOADER = "$(TEST_HOST)";
				CODE_SIGN_STYLE = Automatic;
				DEVELOPMENT_TEAM = 2P7R4H9ZM8;
				INFOPLIST_FILE = NewsAppTests/Info.plist;
				LD_RUNPATH_SEARCH_PATHS = (
					"$(inherited)",
					"@executable_path/Frameworks",
					"@loader_path/Frameworks",
				);
				MTL_FAST_MATH = YES;
				PRODUCT_BUNDLE_IDENTIFIER = com.nickelfox.NewsAppTests;
				PRODUCT_NAME = "$(TARGET_NAME)";
				SWIFT_VERSION = 5.0;
				TARGETED_DEVICE_FAMILY = "1,2";
				TEST_HOST = "$(BUILT_PRODUCTS_DIR)/NewsApp.app/NewsApp";
			};
			name = Release;
		};
		80F266AB247CF07A002DE72E /* Staging */ = {
			isa = XCBuildConfiguration;
			buildSettings = {
				BUNDLE_LOADER = "$(TEST_HOST)";
				CODE_SIGN_STYLE = Automatic;
				DEVELOPMENT_TEAM = 2P7R4H9ZM8;
				INFOPLIST_FILE = NewsAppTests/Info.plist;
				LD_RUNPATH_SEARCH_PATHS = (
					"$(inherited)",
					"@executable_path/Frameworks",
					"@loader_path/Frameworks",
				);
				MTL_FAST_MATH = YES;
				PRODUCT_BUNDLE_IDENTIFIER = com.nickelfox.NewsAppTests;
				PRODUCT_NAME = "$(TARGET_NAME)";
				SWIFT_VERSION = 5.0;
				TARGETED_DEVICE_FAMILY = "1,2";
				TEST_HOST = "$(BUILT_PRODUCTS_DIR)/NewsApp.app/NewsApp";
			};
			name = Staging;
		};
		80F266AC247CF07A002DE72E /* Dev */ = {
			isa = XCBuildConfiguration;
			buildSettings = {
				BUNDLE_LOADER = "$(TEST_HOST)";
				CODE_SIGN_STYLE = Automatic;
				DEVELOPMENT_TEAM = 2P7R4H9ZM8;
				INFOPLIST_FILE = NewsAppTests/Info.plist;
				LD_RUNPATH_SEARCH_PATHS = (
					"$(inherited)",
					"@executable_path/Frameworks",
					"@loader_path/Frameworks",
				);
				MTL_FAST_MATH = YES;
				PRODUCT_BUNDLE_IDENTIFIER = com.nickelfox.NewsAppTests;
				PRODUCT_NAME = "$(TARGET_NAME)";
				SWIFT_VERSION = 5.0;
				TARGETED_DEVICE_FAMILY = "1,2";
				TEST_HOST = "$(BUILT_PRODUCTS_DIR)/NewsApp.app/NewsApp";
			};
			name = Dev;
		};
		E345392921B1203C0062D0A6 /* Debug */ = {
			isa = XCBuildConfiguration;
			buildSettings = {
				ALWAYS_SEARCH_USER_PATHS = NO;
				CLANG_ANALYZER_NONNULL = YES;
				CLANG_ANALYZER_NUMBER_OBJECT_CONVERSION = YES_AGGRESSIVE;
				CLANG_CXX_LANGUAGE_STANDARD = "gnu++14";
				CLANG_CXX_LIBRARY = "libc++";
				CLANG_ENABLE_MODULES = YES;
				CLANG_ENABLE_OBJC_ARC = YES;
				CLANG_ENABLE_OBJC_WEAK = YES;
				CLANG_WARN_BLOCK_CAPTURE_AUTORELEASING = YES;
				CLANG_WARN_BOOL_CONVERSION = YES;
				CLANG_WARN_COMMA = YES;
				CLANG_WARN_CONSTANT_CONVERSION = YES;
				CLANG_WARN_DEPRECATED_OBJC_IMPLEMENTATIONS = YES;
				CLANG_WARN_DIRECT_OBJC_ISA_USAGE = YES_ERROR;
				CLANG_WARN_DOCUMENTATION_COMMENTS = YES;
				CLANG_WARN_EMPTY_BODY = YES;
				CLANG_WARN_ENUM_CONVERSION = YES;
				CLANG_WARN_INFINITE_RECURSION = YES;
				CLANG_WARN_INT_CONVERSION = YES;
				CLANG_WARN_NON_LITERAL_NULL_CONVERSION = YES;
				CLANG_WARN_OBJC_IMPLICIT_RETAIN_SELF = YES;
				CLANG_WARN_OBJC_LITERAL_CONVERSION = YES;
				CLANG_WARN_OBJC_ROOT_CLASS = YES_ERROR;
				CLANG_WARN_QUOTED_INCLUDE_IN_FRAMEWORK_HEADER = YES;
				CLANG_WARN_RANGE_LOOP_ANALYSIS = YES;
				CLANG_WARN_STRICT_PROTOTYPES = YES;
				CLANG_WARN_SUSPICIOUS_MOVE = YES;
				CLANG_WARN_UNGUARDED_AVAILABILITY = YES_AGGRESSIVE;
				CLANG_WARN_UNREACHABLE_CODE = YES;
				CLANG_WARN__DUPLICATE_METHOD_MATCH = YES;
				CODE_SIGN_IDENTITY = "iPhone Developer";
				COPY_PHASE_STRIP = NO;
				CURRENT_PROJECT_VERSION = 1;
				DEBUG_INFORMATION_FORMAT = dwarf;
				DEVELOPMENT_TEAM = 2P7R4H9ZM8;
				ENABLE_STRICT_OBJC_MSGSEND = YES;
				ENABLE_TESTABILITY = YES;
				ENABLE_USER_SCRIPT_SANDBOXING = YES;
				GCC_C_LANGUAGE_STANDARD = gnu11;
				GCC_DYNAMIC_NO_PIC = NO;
				GCC_NO_COMMON_BLOCKS = YES;
				GCC_OPTIMIZATION_LEVEL = 0;
				GCC_PREPROCESSOR_DEFINITIONS = (
					"DEBUG=1",
					"$(inherited)",
				);
				GCC_WARN_64_TO_32_BIT_CONVERSION = YES;
				GCC_WARN_ABOUT_RETURN_TYPE = YES_ERROR;
				GCC_WARN_UNDECLARED_SELECTOR = YES;
				GCC_WARN_UNINITIALIZED_AUTOS = YES_AGGRESSIVE;
				GCC_WARN_UNUSED_FUNCTION = YES;
				GCC_WARN_UNUSED_VARIABLE = YES;
				IPHONEOS_DEPLOYMENT_TARGET = 15.0;
				MTL_ENABLE_DEBUG_INFO = YES;
				ONLY_ACTIVE_ARCH = YES;
				PRODUCT_BUNDLE_IDENTIFIER = com.nickelfox.newsapp;
				SDKROOT = iphoneos;
				SWIFT_ACTIVE_COMPILATION_CONDITIONS = DEBUG;
				SWIFT_OPTIMIZATION_LEVEL = "-Onone";
				SWIFT_VERSION = 5.0;
				VERSIONING_SYSTEM = "apple-generic";
			};
			name = Debug;
		};
		E345392A21B1203C0062D0A6 /* Release */ = {
			isa = XCBuildConfiguration;
			buildSettings = {
				ALWAYS_SEARCH_USER_PATHS = NO;
				CLANG_ANALYZER_NONNULL = YES;
				CLANG_ANALYZER_NUMBER_OBJECT_CONVERSION = YES_AGGRESSIVE;
				CLANG_CXX_LANGUAGE_STANDARD = "gnu++14";
				CLANG_CXX_LIBRARY = "libc++";
				CLANG_ENABLE_MODULES = YES;
				CLANG_ENABLE_OBJC_ARC = YES;
				CLANG_ENABLE_OBJC_WEAK = YES;
				CLANG_WARN_BLOCK_CAPTURE_AUTORELEASING = YES;
				CLANG_WARN_BOOL_CONVERSION = YES;
				CLANG_WARN_COMMA = YES;
				CLANG_WARN_CONSTANT_CONVERSION = YES;
				CLANG_WARN_DEPRECATED_OBJC_IMPLEMENTATIONS = YES;
				CLANG_WARN_DIRECT_OBJC_ISA_USAGE = YES_ERROR;
				CLANG_WARN_DOCUMENTATION_COMMENTS = YES;
				CLANG_WARN_EMPTY_BODY = YES;
				CLANG_WARN_ENUM_CONVERSION = YES;
				CLANG_WARN_INFINITE_RECURSION = YES;
				CLANG_WARN_INT_CONVERSION = YES;
				CLANG_WARN_NON_LITERAL_NULL_CONVERSION = YES;
				CLANG_WARN_OBJC_IMPLICIT_RETAIN_SELF = YES;
				CLANG_WARN_OBJC_LITERAL_CONVERSION = YES;
				CLANG_WARN_OBJC_ROOT_CLASS = YES_ERROR;
				CLANG_WARN_QUOTED_INCLUDE_IN_FRAMEWORK_HEADER = YES;
				CLANG_WARN_RANGE_LOOP_ANALYSIS = YES;
				CLANG_WARN_STRICT_PROTOTYPES = YES;
				CLANG_WARN_SUSPICIOUS_MOVE = YES;
				CLANG_WARN_UNGUARDED_AVAILABILITY = YES_AGGRESSIVE;
				CLANG_WARN_UNREACHABLE_CODE = YES;
				CLANG_WARN__DUPLICATE_METHOD_MATCH = YES;
				CODE_SIGN_IDENTITY = "iPhone Developer";
				COPY_PHASE_STRIP = NO;
				CURRENT_PROJECT_VERSION = 1;
				DEBUG_INFORMATION_FORMAT = "dwarf-with-dsym";
				DEVELOPMENT_TEAM = 2P7R4H9ZM8;
				ENABLE_NS_ASSERTIONS = NO;
				ENABLE_STRICT_OBJC_MSGSEND = YES;
				ENABLE_USER_SCRIPT_SANDBOXING = YES;
				GCC_C_LANGUAGE_STANDARD = gnu11;
				GCC_NO_COMMON_BLOCKS = YES;
				GCC_PREPROCESSOR_DEFINITIONS = "RELEASE=1";
				GCC_WARN_64_TO_32_BIT_CONVERSION = YES;
				GCC_WARN_ABOUT_RETURN_TYPE = YES_ERROR;
				GCC_WARN_UNDECLARED_SELECTOR = YES;
				GCC_WARN_UNINITIALIZED_AUTOS = YES_AGGRESSIVE;
				GCC_WARN_UNUSED_FUNCTION = YES;
				GCC_WARN_UNUSED_VARIABLE = YES;
				IPHONEOS_DEPLOYMENT_TARGET = 15.0;
				MTL_ENABLE_DEBUG_INFO = NO;
				PRODUCT_BUNDLE_IDENTIFIER = com.nickelfox.newsapp;
				SDKROOT = iphoneos;
				SWIFT_ACTIVE_COMPILATION_CONDITIONS = RELEASE;
				SWIFT_COMPILATION_MODE = wholemodule;
				SWIFT_OPTIMIZATION_LEVEL = "-O";
				SWIFT_VERSION = 5.0;
				VALIDATE_PRODUCT = YES;
				VERSIONING_SYSTEM = "apple-generic";
			};
			name = Release;
		};
		E345392C21B1203C0062D0A6 /* Debug */ = {
			isa = XCBuildConfiguration;
			baseConfigurationReference = DB16F6A79C6BA761857D7187 /* Pods-NewsApp.debug.xcconfig */;
			buildSettings = {
				ALWAYS_EMBED_SWIFT_STANDARD_LIBRARIES = YES;
				ASSETCATALOG_COMPILER_APPICON_NAME = AppIcon;
				CODE_SIGN_IDENTITY = "iPhone Developer";
				CODE_SIGN_STYLE = Automatic;
				DEVELOPMENT_TEAM = 2P7R4H9ZM8;
				INFOPLIST_FILE = "NewsApp/Resources/NewsApp-Info.plist";
				IPHONEOS_DEPLOYMENT_TARGET = 15.0;
				LD_RUNPATH_SEARCH_PATHS = (
					"$(inherited)",
					"@executable_path/Frameworks",
				);
				PRODUCT_BUNDLE_IDENTIFIER = com.nickelfox.NewsApp;
				PRODUCT_NAME = "$(TARGET_NAME)";
				PROVISIONING_PROFILE_SPECIFIER = "";
				SWIFT_OBJC_BRIDGING_HEADER = "NewsApp/Resources/NewsApp-Bridging-Header.h";
				TARGETED_DEVICE_FAMILY = "1,2";
			};
			name = Debug;
		};
		E345392D21B1203C0062D0A6 /* Release */ = {
			isa = XCBuildConfiguration;
			baseConfigurationReference = 8D8618986B15ADBCFDF4D754 /* Pods-NewsApp.release.xcconfig */;
			buildSettings = {
				ALWAYS_EMBED_SWIFT_STANDARD_LIBRARIES = YES;
				ASSETCATALOG_COMPILER_APPICON_NAME = AppIcon;
				CODE_SIGN_IDENTITY = "iPhone Developer";
				CODE_SIGN_STYLE = Automatic;
				DEVELOPMENT_TEAM = 2P7R4H9ZM8;
				INFOPLIST_FILE = "NewsApp/Resources/NewsApp-Info.plist";
				IPHONEOS_DEPLOYMENT_TARGET = 15.0;
				LD_RUNPATH_SEARCH_PATHS = (
					"$(inherited)",
					"@executable_path/Frameworks",
				);
				PRODUCT_BUNDLE_IDENTIFIER = com.nickelfox.NewsApp;
				PRODUCT_NAME = "$(TARGET_NAME)";
				PROVISIONING_PROFILE_SPECIFIER = "";
				SWIFT_OBJC_BRIDGING_HEADER = "NewsApp/Resources/NewsApp-Bridging-Header.h";
				TARGETED_DEVICE_FAMILY = "1,2";
			};
			name = Release;
		};
		E345393D21B120D80062D0A6 /* Debug */ = {
			isa = XCBuildConfiguration;
			baseConfigurationReference = 38289BFEA7A50EA97916F002 /* Pods-Model.debug.xcconfig */;
			buildSettings = {
				CODE_SIGN_IDENTITY = "";
				CODE_SIGN_STYLE = Automatic;
				DEFINES_MODULE = YES;
				DYLIB_COMPATIBILITY_VERSION = 1;
				DYLIB_CURRENT_VERSION = 1;
				DYLIB_INSTALL_NAME_BASE = "@rpath";
				ENABLE_MODULE_VERIFIER = YES;
				INFOPLIST_FILE = "Model/Resources/Model-Info.plist";
				INSTALL_PATH = "$(LOCAL_LIBRARY_DIR)/Frameworks";
				LD_RUNPATH_SEARCH_PATHS = (
					"$(inherited)",
					"@executable_path/Frameworks",
					"@loader_path/Frameworks",
				);
				MODULE_VERIFIER_SUPPORTED_LANGUAGES = "objective-c objective-c++";
				MODULE_VERIFIER_SUPPORTED_LANGUAGE_STANDARDS = "gnu11 gnu++14";
				PRODUCT_BUNDLE_IDENTIFIER = "$(inherited).Model";
				PRODUCT_NAME = "$(TARGET_NAME:c99extidentifier)";
				SKIP_INSTALL = YES;
				TARGETED_DEVICE_FAMILY = "1,2";
			};
			name = Debug;
		};
		E345393E21B120D80062D0A6 /* Release */ = {
			isa = XCBuildConfiguration;
			baseConfigurationReference = 91A96EEA47629467E9F619B5 /* Pods-Model.release.xcconfig */;
			buildSettings = {
				CODE_SIGN_IDENTITY = "";
				CODE_SIGN_STYLE = Automatic;
				DEFINES_MODULE = YES;
				DYLIB_COMPATIBILITY_VERSION = 1;
				DYLIB_CURRENT_VERSION = 1;
				DYLIB_INSTALL_NAME_BASE = "@rpath";
				ENABLE_MODULE_VERIFIER = YES;
				INFOPLIST_FILE = "Model/Resources/Model-Info.plist";
				INSTALL_PATH = "$(LOCAL_LIBRARY_DIR)/Frameworks";
				LD_RUNPATH_SEARCH_PATHS = (
					"$(inherited)",
					"@executable_path/Frameworks",
					"@loader_path/Frameworks",
				);
				MODULE_VERIFIER_SUPPORTED_LANGUAGES = "objective-c objective-c++";
				MODULE_VERIFIER_SUPPORTED_LANGUAGE_STANDARDS = "gnu11 gnu++14";
				PRODUCT_BUNDLE_IDENTIFIER = "$(inherited).Model";
				PRODUCT_NAME = "$(TARGET_NAME:c99extidentifier)";
				SKIP_INSTALL = YES;
				TARGETED_DEVICE_FAMILY = "1,2";
			};
			name = Release;
		};
		E345395921B1329C0062D0A6 /* Staging */ = {
			isa = XCBuildConfiguration;
			buildSettings = {
				ALWAYS_SEARCH_USER_PATHS = NO;
				CLANG_ANALYZER_NONNULL = YES;
				CLANG_ANALYZER_NUMBER_OBJECT_CONVERSION = YES_AGGRESSIVE;
				CLANG_CXX_LANGUAGE_STANDARD = "gnu++14";
				CLANG_CXX_LIBRARY = "libc++";
				CLANG_ENABLE_MODULES = YES;
				CLANG_ENABLE_OBJC_ARC = YES;
				CLANG_ENABLE_OBJC_WEAK = YES;
				CLANG_WARN_BLOCK_CAPTURE_AUTORELEASING = YES;
				CLANG_WARN_BOOL_CONVERSION = YES;
				CLANG_WARN_COMMA = YES;
				CLANG_WARN_CONSTANT_CONVERSION = YES;
				CLANG_WARN_DEPRECATED_OBJC_IMPLEMENTATIONS = YES;
				CLANG_WARN_DIRECT_OBJC_ISA_USAGE = YES_ERROR;
				CLANG_WARN_DOCUMENTATION_COMMENTS = YES;
				CLANG_WARN_EMPTY_BODY = YES;
				CLANG_WARN_ENUM_CONVERSION = YES;
				CLANG_WARN_INFINITE_RECURSION = YES;
				CLANG_WARN_INT_CONVERSION = YES;
				CLANG_WARN_NON_LITERAL_NULL_CONVERSION = YES;
				CLANG_WARN_OBJC_IMPLICIT_RETAIN_SELF = YES;
				CLANG_WARN_OBJC_LITERAL_CONVERSION = YES;
				CLANG_WARN_OBJC_ROOT_CLASS = YES_ERROR;
				CLANG_WARN_QUOTED_INCLUDE_IN_FRAMEWORK_HEADER = YES;
				CLANG_WARN_RANGE_LOOP_ANALYSIS = YES;
				CLANG_WARN_STRICT_PROTOTYPES = YES;
				CLANG_WARN_SUSPICIOUS_MOVE = YES;
				CLANG_WARN_UNGUARDED_AVAILABILITY = YES_AGGRESSIVE;
				CLANG_WARN_UNREACHABLE_CODE = YES;
				CLANG_WARN__DUPLICATE_METHOD_MATCH = YES;
				CODE_SIGN_IDENTITY = "iPhone Developer";
				COPY_PHASE_STRIP = NO;
				CURRENT_PROJECT_VERSION = 1;
				DEBUG_INFORMATION_FORMAT = "dwarf-with-dsym";
				DEVELOPMENT_TEAM = 2P7R4H9ZM8;
				ENABLE_NS_ASSERTIONS = NO;
				ENABLE_STRICT_OBJC_MSGSEND = YES;
				ENABLE_USER_SCRIPT_SANDBOXING = YES;
				GCC_C_LANGUAGE_STANDARD = gnu11;
				GCC_NO_COMMON_BLOCKS = YES;
				GCC_PREPROCESSOR_DEFINITIONS = "STAGING=1";
				GCC_WARN_64_TO_32_BIT_CONVERSION = YES;
				GCC_WARN_ABOUT_RETURN_TYPE = YES_ERROR;
				GCC_WARN_UNDECLARED_SELECTOR = YES;
				GCC_WARN_UNINITIALIZED_AUTOS = YES_AGGRESSIVE;
				GCC_WARN_UNUSED_FUNCTION = YES;
				GCC_WARN_UNUSED_VARIABLE = YES;
				IPHONEOS_DEPLOYMENT_TARGET = 15.0;
				MTL_ENABLE_DEBUG_INFO = NO;
				PRODUCT_BUNDLE_IDENTIFIER = com.nickelfox.newsapp;
				SDKROOT = iphoneos;
				SWIFT_ACTIVE_COMPILATION_CONDITIONS = STAGING;
				SWIFT_COMPILATION_MODE = wholemodule;
				SWIFT_OPTIMIZATION_LEVEL = "-O";
				SWIFT_VERSION = 5.0;
				VALIDATE_PRODUCT = YES;
				VERSIONING_SYSTEM = "apple-generic";
			};
			name = Staging;
		};
		E345395A21B1329C0062D0A6 /* Staging */ = {
			isa = XCBuildConfiguration;
			baseConfigurationReference = 5EB24D852DCDE1EE24D817B0 /* Pods-NewsApp.staging.xcconfig */;
			buildSettings = {
				ALWAYS_EMBED_SWIFT_STANDARD_LIBRARIES = YES;
				ASSETCATALOG_COMPILER_APPICON_NAME = AppIcon;
				CODE_SIGN_IDENTITY = "iPhone Developer";
				CODE_SIGN_STYLE = Automatic;
				DEVELOPMENT_TEAM = 2P7R4H9ZM8;
				INFOPLIST_FILE = "NewsApp/Resources/NewsApp-Info.plist";
				IPHONEOS_DEPLOYMENT_TARGET = 15.0;
				LD_RUNPATH_SEARCH_PATHS = (
					"$(inherited)",
					"@executable_path/Frameworks",
				);
				PRODUCT_BUNDLE_IDENTIFIER = com.nickelfox.NewsApp;
				PRODUCT_NAME = "$(TARGET_NAME)";
				PROVISIONING_PROFILE_SPECIFIER = "";
				SWIFT_OBJC_BRIDGING_HEADER = "NewsApp/Resources/NewsApp-Bridging-Header.h";
				TARGETED_DEVICE_FAMILY = "1,2";
			};
			name = Staging;
		};
		E345395B21B1329C0062D0A6 /* Staging */ = {
			isa = XCBuildConfiguration;
			baseConfigurationReference = 40C6608BE3357626E64EBC76 /* Pods-Model.staging.xcconfig */;
			buildSettings = {
				CODE_SIGN_IDENTITY = "";
				CODE_SIGN_STYLE = Automatic;
				DEFINES_MODULE = YES;
				DYLIB_COMPATIBILITY_VERSION = 1;
				DYLIB_CURRENT_VERSION = 1;
				DYLIB_INSTALL_NAME_BASE = "@rpath";
				ENABLE_MODULE_VERIFIER = YES;
				INFOPLIST_FILE = "Model/Resources/Model-Info.plist";
				INSTALL_PATH = "$(LOCAL_LIBRARY_DIR)/Frameworks";
				LD_RUNPATH_SEARCH_PATHS = (
					"$(inherited)",
					"@executable_path/Frameworks",
					"@loader_path/Frameworks",
				);
				MODULE_VERIFIER_SUPPORTED_LANGUAGES = "objective-c objective-c++";
				MODULE_VERIFIER_SUPPORTED_LANGUAGE_STANDARDS = "gnu11 gnu++14";
				PRODUCT_BUNDLE_IDENTIFIER = "$(inherited).Model";
				PRODUCT_NAME = "$(TARGET_NAME:c99extidentifier)";
				SKIP_INSTALL = YES;
				TARGETED_DEVICE_FAMILY = "1,2";
			};
			name = Staging;
		};
/* End XCBuildConfiguration section */

/* Begin XCConfigurationList section */
		80F266AD247CF07A002DE72E /* Build configuration list for PBXNativeTarget "NewsAppTests" */ = {
			isa = XCConfigurationList;
			buildConfigurations = (
				80F266A9247CF07A002DE72E /* Debug */,
				80F266AA247CF07A002DE72E /* Release */,
				80F266AB247CF07A002DE72E /* Staging */,
				80F266AC247CF07A002DE72E /* Dev */,
			);
			defaultConfigurationIsVisible = 0;
			defaultConfigurationName = Release;
		};
		E345391421B1203B0062D0A6 /* Build configuration list for PBXProject "NewsApp" */ = {
			isa = XCConfigurationList;
			buildConfigurations = (
				E345392921B1203C0062D0A6 /* Debug */,
				E345392A21B1203C0062D0A6 /* Release */,
				E345395921B1329C0062D0A6 /* Staging */,
				8084998A231E697D00F49E6A /* Dev */,
			);
			defaultConfigurationIsVisible = 0;
			defaultConfigurationName = Release;
		};
		E345392B21B1203C0062D0A6 /* Build configuration list for PBXNativeTarget "NewsApp" */ = {
			isa = XCConfigurationList;
			buildConfigurations = (
				E345392C21B1203C0062D0A6 /* Debug */,
				E345392D21B1203C0062D0A6 /* Release */,
				E345395A21B1329C0062D0A6 /* Staging */,
				8084998B231E697D00F49E6A /* Dev */,
			);
			defaultConfigurationIsVisible = 0;
			defaultConfigurationName = Release;
		};
		E345393C21B120D80062D0A6 /* Build configuration list for PBXNativeTarget "Model" */ = {
			isa = XCConfigurationList;
			buildConfigurations = (
				E345393D21B120D80062D0A6 /* Debug */,
				E345393E21B120D80062D0A6 /* Release */,
				E345395B21B1329C0062D0A6 /* Staging */,
				8084998C231E697D00F49E6A /* Dev */,
			);
			defaultConfigurationIsVisible = 0;
			defaultConfigurationName = Release;
		};
/* End XCConfigurationList section */

/* Begin XCRemoteSwiftPackageReference section */
		8047151229D8140400B0E30F /* XCRemoteSwiftPackageReference "ReactiveSwift" */ = {
			isa = XCRemoteSwiftPackageReference;
			repositoryURL = "https://github.com/ReactiveCocoa/ReactiveSwift.git";
			requirement = {
				kind = upToNextMajorVersion;
				minimumVersion = 7.0.0;
			};
		};
		8047151529D814E400B0E30F /* XCRemoteSwiftPackageReference "Popover" */ = {
			isa = XCRemoteSwiftPackageReference;
			repositoryURL = "https://github.com/Nickelfox/Popover.git";
			requirement = {
				branch = master;
				kind = branch;
			};
		};
		8088675929D8207E007C3CC8 /* XCRemoteSwiftPackageReference "ReactiveCocoa" */ = {
			isa = XCRemoteSwiftPackageReference;
			repositoryURL = "https://github.com/ReactiveCocoa/ReactiveCocoa.git";
			requirement = {
				branch = master;
				kind = branch;
			};
		};
/* End XCRemoteSwiftPackageReference section */

/* Begin XCSwiftPackageProductDependency section */
		8047151329D8140500B0E30F /* ReactiveSwift */ = {
			isa = XCSwiftPackageProductDependency;
			package = 8047151229D8140400B0E30F /* XCRemoteSwiftPackageReference "ReactiveSwift" */;
			productName = ReactiveSwift;
		};
		8047151629D814E400B0E30F /* Popover */ = {
			isa = XCSwiftPackageProductDependency;
			package = 8047151529D814E400B0E30F /* XCRemoteSwiftPackageReference "Popover" */;
			productName = Popover;
		};
		8088675A29D8207E007C3CC8 /* ReactiveCocoa */ = {
			isa = XCSwiftPackageProductDependency;
			package = 8088675929D8207E007C3CC8 /* XCRemoteSwiftPackageReference "ReactiveCocoa" */;
			productName = ReactiveCocoa;
		};
/* End XCSwiftPackageProductDependency section */
	};
	rootObject = E345391121B1203B0062D0A6 /* Project object */;
}
